// !$*UTF8*$!
{
	archiveVersion = 1;
	classes = {
	};
	objectVersion = 60;
	objects = {

/* Begin PBXBuildFile section */
		5584EC2A2A9EB39A00781AD5 /* EmpireStateTowerLightsApp.swift in Sources */ = {isa = PBXBuildFile; fileRef = 5584EC292A9EB39A00781AD5 /* EmpireStateTowerLightsApp.swift */; };
		5584EC2E2A9EB39B00781AD5 /* Assets.xcassets in Resources */ = {isa = PBXBuildFile; fileRef = 5584EC2D2A9EB39B00781AD5 /* Assets.xcassets */; };
		5584EC312A9EB39B00781AD5 /* Preview Assets.xcassets in Resources */ = {isa = PBXBuildFile; fileRef = 5584EC302A9EB39B00781AD5 /* Preview Assets.xcassets */; };
		5584EC392A9EC16E00781AD5 /* ComposableArchitecture in Frameworks */ = {isa = PBXBuildFile; productRef = 5584EC382A9EC16E00781AD5 /* ComposableArchitecture */; };
		558C70C72AC66B5900129614 /* AppFeature in Frameworks */ = {isa = PBXBuildFile; productRef = 558C70C62AC66B5900129614 /* AppFeature */; };
		558C70CB2AC6EB5400129614 /* Models in Frameworks */ = {isa = PBXBuildFile; productRef = 558C70CA2AC6EB5400129614 /* Models */; };
		558C70CF2AC6F28400129614 /* Models in Frameworks */ = {isa = PBXBuildFile; productRef = 558C70CE2AC6F28400129614 /* Models */; };
		558C70D12AC6F28800129614 /* TowerWidgetKit in Frameworks */ = {isa = PBXBuildFile; productRef = 558C70D02AC6F28800129614 /* TowerWidgetKit */; };
		55A4E8C92AC78F2900199360 /* DesignSystem in Frameworks */ = {isa = PBXBuildFile; productRef = 55A4E8C82AC78F2900199360 /* DesignSystem */; };
		55A4E8CB2AC7907400199360 /* DesignSystem in Frameworks */ = {isa = PBXBuildFile; productRef = 55A4E8CA2AC7907400199360 /* DesignSystem */; };
		55A4E8D12AC7A5BE00199360 /* TowerClient in Frameworks */ = {isa = PBXBuildFile; productRef = 55A4E8D02AC7A5BE00199360 /* TowerClient */; };
		55C4F6F42AC51A9800677B48 /* SplashScreen.swift in Sources */ = {isa = PBXBuildFile; fileRef = 55C4F6F32AC51A9800677B48 /* SplashScreen.swift */; };
		55CC5C0E2B1E7C700045B062 /* EmpireAppIntents.swift in Sources */ = {isa = PBXBuildFile; fileRef = 55CC5C0D2B1E7C700045B062 /* EmpireAppIntents.swift */; };
		55D512CD2A9FF8A600044A4E /* SwiftSoup in Frameworks */ = {isa = PBXBuildFile; productRef = 55D512CC2A9FF8A600044A4E /* SwiftSoup */; };
		55F64ADB2AAFD84A00A5CCE5 /* WidgetKit.framework in Frameworks */ = {isa = PBXBuildFile; fileRef = 55F64ADA2AAFD84A00A5CCE5 /* WidgetKit.framework */; };
		55F64ADD2AAFD84A00A5CCE5 /* SwiftUI.framework in Frameworks */ = {isa = PBXBuildFile; fileRef = 55F64ADC2AAFD84A00A5CCE5 /* SwiftUI.framework */; };
		55F64AE02AAFD84A00A5CCE5 /* EmpireStateTowerWidgetBundle.swift in Sources */ = {isa = PBXBuildFile; fileRef = 55F64ADF2AAFD84A00A5CCE5 /* EmpireStateTowerWidgetBundle.swift */; };
		55F64AE22AAFD84A00A5CCE5 /* EmpireStateTowerWidget.swift in Sources */ = {isa = PBXBuildFile; fileRef = 55F64AE12AAFD84A00A5CCE5 /* EmpireStateTowerWidget.swift */; };
		55F64AE52AAFD84C00A5CCE5 /* Assets.xcassets in Resources */ = {isa = PBXBuildFile; fileRef = 55F64AE42AAFD84C00A5CCE5 /* Assets.xcassets */; };
		55F64AEB2AAFD84C00A5CCE5 /* EmpireStateTowerWidgetExtension.appex in Embed Foundation Extensions */ = {isa = PBXBuildFile; fileRef = 55F64AD82AAFD84A00A5CCE5 /* EmpireStateTowerWidgetExtension.appex */; settings = {ATTRIBUTES = (RemoveHeadersOnCopy, ); }; };
		55F64AF42AB12DB900A5CCE5 /* ComposableArchitecture in Frameworks */ = {isa = PBXBuildFile; productRef = 55F64AF32AB12DB900A5CCE5 /* ComposableArchitecture */; };
		55F64AF92AB13A5F00A5CCE5 /* SwiftSoup in Frameworks */ = {isa = PBXBuildFile; productRef = 55F64AF82AB13A5F00A5CCE5 /* SwiftSoup */; };
		015CA96405D244E7A2740AFA /* EmpireStateTowerWatchApp.swift in Sources */ = {isa = PBXBuildFile; fileRef = 93CAD9FA30FA4DFE9A9A7B43 /* EmpireStateTowerWatchApp.swift */; };
		FCBC4F01A66E48E9A80D05CB /* Assets.xcassets in Resources */ = {isa = PBXBuildFile; fileRef = 17822272659B4692A4709868 /* Assets.xcassets */; };
		628B093C207B4848BDDB5A47 /* WatchFeature in Frameworks */ = {isa = PBXBuildFile; productRef = 7359D2AF11D2474CA8056426 /* WatchFeature */; };
		3B65E7D2CC44441E9510BB67 /* WatchWidgets.swift in Sources */ = {isa = PBXBuildFile; fileRef = 4C2453708CEF4EE8855D6B5B /* WatchWidgets.swift */; };
		AA6190F6837B41CC8C651A71 /* TowerWidgetKit in Frameworks */ = {isa = PBXBuildFile; productRef = 42CD1901DF974F838B80DE2E /* TowerWidgetKit */; };
		E49DCF85A6544656B5D5A6E1 /* Models in Frameworks */ = {isa = PBXBuildFile; productRef = B38AA0C23757401AB6023306 /* Models */; };
		AD4AAD98BEB64D91A322F1DC /* EmpireStateTowerWatchWidgets.appex in Embed Foundation Extensions */ = {isa = PBXBuildFile; fileRef = FC4283B2C80B4727BF076939 /* EmpireStateTowerWatchWidgets.appex */; settings = {ATTRIBUTES = (RemoveHeadersOnCopy, ); }; };
		8B4F09EA1A9247079BBC9D5B /* EmpireStateTowerWatch.app in Embed Watch Content */ = {isa = PBXBuildFile; fileRef = 992ACBAD01DC4C16AE8184CC /* EmpireStateTowerWatch.app */; settings = {ATTRIBUTES = (RemoveHeadersOnCopy, ); }; };
/* End PBXBuildFile section */

/* Begin PBXContainerItemProxy section */
		55D512D62AA4C61200044A4E /* PBXContainerItemProxy */ = {
			isa = PBXContainerItemProxy;
			containerPortal = 5584EC1E2A9EB39A00781AD5 /* Project object */;
			proxyType = 1;
			remoteGlobalIDString = 5584EC252A9EB39A00781AD5;
			remoteInfo = EmpireStateTowerLights;
		};
		55F64AE92AAFD84C00A5CCE5 /* PBXContainerItemProxy */ = {
			isa = PBXContainerItemProxy;
			containerPortal = 5584EC1E2A9EB39A00781AD5 /* Project object */;
			proxyType = 1;
			remoteGlobalIDString = 55F64AD72AAFD84A00A5CCE5;
			remoteInfo = EmpireStateTowerWidgetExtension;
		};
		9FB9B25BB2784CB8AB0501CC /* PBXContainerItemProxy */ = {
			isa = PBXContainerItemProxy;
			containerPortal = 5584EC1E2A9EB39A00781AD5 /* Project object */;
			proxyType = 1;
			remoteGlobalIDString = B53271B1AA2645058570C1FF;
			remoteInfo = EmpireStateTowerWatch;
		};
		FFA1842333444AFDA05293F6 /* PBXContainerItemProxy */ = {
			isa = PBXContainerItemProxy;
			containerPortal = 5584EC1E2A9EB39A00781AD5 /* Project object */;
			proxyType = 1;
			remoteGlobalIDString = 9750A39DF4A4468FB378A9ED;
			remoteInfo = EmpireStateTowerWatchWidgets;
		};
/* End PBXContainerItemProxy section */

/* Begin PBXCopyFilesBuildPhase section */
		55F64AEC2AAFD84C00A5CCE5 /* Embed Foundation Extensions */ = {
			isa = PBXCopyFilesBuildPhase;
			buildActionMask = 2147483647;
			dstPath = "";
			dstSubfolderSpec = 13;
			files = (
				55F64AEB2AAFD84C00A5CCE5 /* EmpireStateTowerWidgetExtension.appex in Embed Foundation Extensions */,
			);
			name = "Embed Foundation Extensions";
			runOnlyForDeploymentPostprocessing = 0;
		};
		B3C58CDA91CF471CA0429299 /* Embed Watch Content */ = {
			isa = PBXCopyFilesBuildPhase;
			buildActionMask = 2147483647;
			dstPath = "$(CONTENTS_FOLDER_PATH)/Watch";
			dstSubfolderSpec = 16;
			files = (
				8B4F09EA1A9247079BBC9D5B /* EmpireStateTowerWatch.app in Embed Watch Content */,
			);
			name = "Embed Watch Content";
			runOnlyForDeploymentPostprocessing = 0;
		};
		C40A5815FE334E71B8D8E229 /* Embed Foundation Extensions */ = {
			isa = PBXCopyFilesBuildPhase;
			buildActionMask = 2147483647;
			dstPath = "";
			dstSubfolderSpec = 13;
			files = (
				AD4AAD98BEB64D91A322F1DC /* EmpireStateTowerWatchWidgets.appex in Embed Foundation Extensions */,
			);
			name = "Embed Foundation Extensions";
			runOnlyForDeploymentPostprocessing = 0;
		};
/* End PBXCopyFilesBuildPhase section */

/* Begin PBXFileReference section */
		5584EC262A9EB39A00781AD5 /* EmpireStateTowerLights.app */ = {isa = PBXFileReference; explicitFileType = wrapper.application; includeInIndex = 0; path = EmpireStateTowerLights.app; sourceTree = BUILT_PRODUCTS_DIR; };
		5584EC292A9EB39A00781AD5 /* EmpireStateTowerLightsApp.swift */ = {isa = PBXFileReference; lastKnownFileType = sourcecode.swift; path = EmpireStateTowerLightsApp.swift; sourceTree = "<group>"; };
		5584EC2D2A9EB39B00781AD5 /* Assets.xcassets */ = {isa = PBXFileReference; lastKnownFileType = folder.assetcatalog; path = Assets.xcassets; sourceTree = "<group>"; };
		5584EC302A9EB39B00781AD5 /* Preview Assets.xcassets */ = {isa = PBXFileReference; lastKnownFileType = folder.assetcatalog; path = "Preview Assets.xcassets"; sourceTree = "<group>"; };
		55A0F07A2AC625FE009D42DB /* EmpireModule */ = {isa = PBXFileReference; lastKnownFileType = wrapper; name = EmpireModule; path = EmpireStateTowerLights/EmpireModule; sourceTree = "<group>"; };
		55C4F6F32AC51A9800677B48 /* SplashScreen.swift */ = {isa = PBXFileReference; lastKnownFileType = sourcecode.swift; path = SplashScreen.swift; sourceTree = "<group>"; };
		55CC5C0D2B1E7C700045B062 /* EmpireAppIntents.swift */ = {isa = PBXFileReference; lastKnownFileType = sourcecode.swift; path = EmpireAppIntents.swift; sourceTree = "<group>"; };
		55D512D22AA4C61200044A4E /* EmpireStateTowerLightsTests.xctest */ = {isa = PBXFileReference; explicitFileType = wrapper.cfbundle; includeInIndex = 0; path = EmpireStateTowerLightsTests.xctest; sourceTree = BUILT_PRODUCTS_DIR; };
		55F64AD82AAFD84A00A5CCE5 /* EmpireStateTowerWidgetExtension.appex */ = {isa = PBXFileReference; explicitFileType = "wrapper.app-extension"; includeInIndex = 0; path = EmpireStateTowerWidgetExtension.appex; sourceTree = BUILT_PRODUCTS_DIR; };
		55F64ADA2AAFD84A00A5CCE5 /* WidgetKit.framework */ = {isa = PBXFileReference; lastKnownFileType = wrapper.framework; name = WidgetKit.framework; path = System/Library/Frameworks/WidgetKit.framework; sourceTree = SDKROOT; };
		55F64ADC2AAFD84A00A5CCE5 /* SwiftUI.framework */ = {isa = PBXFileReference; lastKnownFileType = wrapper.framework; name = SwiftUI.framework; path = System/Library/Frameworks/SwiftUI.framework; sourceTree = SDKROOT; };
		55F64ADF2AAFD84A00A5CCE5 /* EmpireStateTowerWidgetBundle.swift */ = {isa = PBXFileReference; lastKnownFileType = sourcecode.swift; path = EmpireStateTowerWidgetBundle.swift; sourceTree = "<group>"; };
		55F64AE12AAFD84A00A5CCE5 /* EmpireStateTowerWidget.swift */ = {isa = PBXFileReference; lastKnownFileType = sourcecode.swift; path = EmpireStateTowerWidget.swift; sourceTree = "<group>"; };
		55F64AE42AAFD84C00A5CCE5 /* Assets.xcassets */ = {isa = PBXFileReference; lastKnownFileType = folder.assetcatalog; path = Assets.xcassets; sourceTree = "<group>"; };
		55F64AE62AAFD84C00A5CCE5 /* Info.plist */ = {isa = PBXFileReference; lastKnownFileType = text.plist.xml; path = Info.plist; sourceTree = "<group>"; };
		93CAD9FA30FA4DFE9A9A7B43 /* EmpireStateTowerWatchApp.swift */ = {isa = PBXFileReference; lastKnownFileType = sourcecode.swift; path = EmpireStateTowerWatchApp.swift; sourceTree = "<group>"; };
		17822272659B4692A4709868 /* Assets.xcassets */ = {isa = PBXFileReference; lastKnownFileType = folder.assetcatalog; path = Assets.xcassets; sourceTree = "<group>"; };
		4C2453708CEF4EE8855D6B5B /* WatchWidgets.swift */ = {isa = PBXFileReference; lastKnownFileType = sourcecode.swift; path = WatchWidgets.swift; sourceTree = "<group>"; };
		6624304477B34640B279AA12 /* Info.plist */ = {isa = PBXFileReference; lastKnownFileType = text.plist.xml; path = Info.plist; sourceTree = "<group>"; };
		F480003B75A24FA4A89DE276 /* Tips.storekit */ = {isa = PBXFileReference; lastKnownFileType = text; path = Tips.storekit; sourceTree = "<group>"; };
		992ACBAD01DC4C16AE8184CC /* EmpireStateTowerWatch.app */ = {isa = PBXFileReference; explicitFileType = wrapper.application; includeInIndex = 0; path = EmpireStateTowerWatch.app; sourceTree = BUILT_PRODUCTS_DIR; };
		FC4283B2C80B4727BF076939 /* EmpireStateTowerWatchWidgets.appex */ = {isa = PBXFileReference; explicitFileType = "wrapper.app-extension"; includeInIndex = 0; path = EmpireStateTowerWatchWidgets.appex; sourceTree = BUILT_PRODUCTS_DIR; };
/* End PBXFileReference section */

/* Begin PBXFrameworksBuildPhase section */
		5584EC232A9EB39A00781AD5 /* Frameworks */ = {
			isa = PBXFrameworksBuildPhase;
			buildActionMask = 2147483647;
			files = (
				55A4E8C92AC78F2900199360 /* DesignSystem in Frameworks */,
				558C70CB2AC6EB5400129614 /* Models in Frameworks */,
				5584EC392A9EC16E00781AD5 /* ComposableArchitecture in Frameworks */,
				55A4E8D12AC7A5BE00199360 /* TowerClient in Frameworks */,
				55D512CD2A9FF8A600044A4E /* SwiftSoup in Frameworks */,
				558C70C72AC66B5900129614 /* AppFeature in Frameworks */,
			);
			runOnlyForDeploymentPostprocessing = 0;
		};
		55D512CF2AA4C61200044A4E /* Frameworks */ = {
			isa = PBXFrameworksBuildPhase;
			buildActionMask = 2147483647;
			files = (
			);
			runOnlyForDeploymentPostprocessing = 0;
		};
		55F64AD52AAFD84A00A5CCE5 /* Frameworks */ = {
			isa = PBXFrameworksBuildPhase;
			buildActionMask = 2147483647;
			files = (
				55A4E8CB2AC7907400199360 /* DesignSystem in Frameworks */,
				558C70CF2AC6F28400129614 /* Models in Frameworks */,
				55F64ADD2AAFD84A00A5CCE5 /* SwiftUI.framework in Frameworks */,
				55F64AF92AB13A5F00A5CCE5 /* SwiftSoup in Frameworks */,
				55F64ADB2AAFD84A00A5CCE5 /* WidgetKit.framework in Frameworks */,
				55F64AF42AB12DB900A5CCE5 /* ComposableArchitecture in Frameworks */,
				558C70D12AC6F28800129614 /* TowerWidgetKit in Frameworks */,
			);
			runOnlyForDeploymentPostprocessing = 0;
		};
		D3A237CD5946455490A8C19F /* Frameworks */ = {
			isa = PBXFrameworksBuildPhase;
			buildActionMask = 2147483647;
			files = (
				628B093C207B4848BDDB5A47 /* WatchFeature in Frameworks */,
			);
			runOnlyForDeploymentPostprocessing = 0;
		};
		D263DDB3CBEB4FCC820012A7 /* Frameworks */ = {
			isa = PBXFrameworksBuildPhase;
			buildActionMask = 2147483647;
			files = (
				AA6190F6837B41CC8C651A71 /* TowerWidgetKit in Frameworks */,
				E49DCF85A6544656B5D5A6E1 /* Models in Frameworks */,
			);
			runOnlyForDeploymentPostprocessing = 0;
		};
/* End PBXFrameworksBuildPhase section */

/* Begin PBXGroup section */
		5584EC1D2A9EB39A00781AD5 = {
			isa = PBXGroup;
			children = (
				55A0F07A2AC625FE009D42DB /* EmpireModule */,
				5584EC282A9EB39A00781AD5 /* EmpireStateTowerLights */,
				55D512D32AA4C61200044A4E /* EmpireStateTowerLightsTests */,
				55F64ADE2AAFD84A00A5CCE5 /* EmpireStateTowerWidget */,
				23E5C260248C409A96A154D5 /* EmpireStateTowerWatch */,
				F274758637C64E4B871E3E37 /* EmpireStateTowerWatchWidgets */,
				55F64AD92AAFD84A00A5CCE5 /* Frameworks */,
				5584EC272A9EB39A00781AD5 /* Products */,
			);
			sourceTree = "<group>";
		};
		5584EC272A9EB39A00781AD5 /* Products */ = {
			isa = PBXGroup;
			children = (
				5584EC262A9EB39A00781AD5 /* EmpireStateTowerLights.app */,
				55D512D22AA4C61200044A4E /* EmpireStateTowerLightsTests.xctest */,
				55F64AD82AAFD84A00A5CCE5 /* EmpireStateTowerWidgetExtension.appex */,
				992ACBAD01DC4C16AE8184CC /* EmpireStateTowerWatch.app */,
				FC4283B2C80B4727BF076939 /* EmpireStateTowerWatchWidgets.appex */,
			);
			name = Products;
			sourceTree = "<group>";
		};
		5584EC282A9EB39A00781AD5 /* EmpireStateTowerLights */ = {
			isa = PBXGroup;
			children = (
				5584EC292A9EB39A00781AD5 /* EmpireStateTowerLightsApp.swift */,
				55CC5C0D2B1E7C700045B062 /* EmpireAppIntents.swift */,
				55A0F07D2AC62BC5009D42DB /* SplashAnimation */,
				5584EC2D2A9EB39B00781AD5 /* Assets.xcassets */,
				5584EC2F2A9EB39B00781AD5 /* Preview Content */,
				F480003B75A24FA4A89DE276 /* Tips.storekit */,
			);
			path = EmpireStateTowerLights;
			sourceTree = "<group>";
		};
		5584EC2F2A9EB39B00781AD5 /* Preview Content */ = {
			isa = PBXGroup;
			children = (
				5584EC302A9EB39B00781AD5 /* Preview Assets.xcassets */,
			);
			path = "Preview Content";
			sourceTree = "<group>";
		};
		55A0F07D2AC62BC5009D42DB /* SplashAnimation */ = {
			isa = PBXGroup;
			children = (
				55C4F6F32AC51A9800677B48 /* SplashScreen.swift */,
			);
			name = SplashAnimation;
			path = Modifiers;
			sourceTree = "<group>";
		};
		55D512D32AA4C61200044A4E /* EmpireStateTowerLightsTests */ = {
			isa = PBXGroup;
			children = (
			);
			path = EmpireStateTowerLightsTests;
			sourceTree = "<group>";
		};
		55F64AD92AAFD84A00A5CCE5 /* Frameworks */ = {
			isa = PBXGroup;
			children = (
				55F64ADA2AAFD84A00A5CCE5 /* WidgetKit.framework */,
				55F64ADC2AAFD84A00A5CCE5 /* SwiftUI.framework */,
			);
			name = Frameworks;
			sourceTree = "<group>";
		};
		55F64ADE2AAFD84A00A5CCE5 /* EmpireStateTowerWidget */ = {
			isa = PBXGroup;
			children = (
				55F64ADF2AAFD84A00A5CCE5 /* EmpireStateTowerWidgetBundle.swift */,
				55F64AE12AAFD84A00A5CCE5 /* EmpireStateTowerWidget.swift */,
				55F64AE42AAFD84C00A5CCE5 /* Assets.xcassets */,
				55F64AE62AAFD84C00A5CCE5 /* Info.plist */,
			);
			path = EmpireStateTowerWidget;
			sourceTree = "<group>";
		};
		23E5C260248C409A96A154D5 /* EmpireStateTowerWatch */ = {
			isa = PBXGroup;
			children = (
				93CAD9FA30FA4DFE9A9A7B43 /* EmpireStateTowerWatchApp.swift */,
				17822272659B4692A4709868 /* Assets.xcassets */,
			);
			path = EmpireStateTowerWatch;
			sourceTree = "<group>";
		};
		F274758637C64E4B871E3E37 /* EmpireStateTowerWatchWidgets */ = {
			isa = PBXGroup;
			children = (
				4C2453708CEF4EE8855D6B5B /* WatchWidgets.swift */,
				6624304477B34640B279AA12 /* Info.plist */,
			);
			path = EmpireStateTowerWatchWidgets;
			sourceTree = "<group>";
		};
/* End PBXGroup section */

/* Begin PBXNativeTarget section */
		5584EC252A9EB39A00781AD5 /* EmpireStateTowerLights */ = {
			isa = PBXNativeTarget;
			buildConfigurationList = 5584EC342A9EB39B00781AD5 /* Build configuration list for PBXNativeTarget "EmpireStateTowerLights" */;
			buildPhases = (
				5584EC222A9EB39A00781AD5 /* Sources */,
				5584EC232A9EB39A00781AD5 /* Frameworks */,
				5584EC242A9EB39A00781AD5 /* Resources */,
				55F64AEC2AAFD84C00A5CCE5 /* Embed Foundation Extensions */,
				B3C58CDA91CF471CA0429299 /* Embed Watch Content */,
			);
			buildRules = (
			);
			dependencies = (
				55F64AEA2AAFD84C00A5CCE5 /* PBXTargetDependency */,
				BD1433EE327E4CCABE1C9E59 /* PBXTargetDependency */,
			);
			name = EmpireStateTowerLights;
			packageProductDependencies = (
				5584EC382A9EC16E00781AD5 /* ComposableArchitecture */,
				55D512CC2A9FF8A600044A4E /* SwiftSoup */,
				558C70C62AC66B5900129614 /* AppFeature */,
				558C70CA2AC6EB5400129614 /* Models */,
				55A4E8C82AC78F2900199360 /* DesignSystem */,
				55A4E8D02AC7A5BE00199360 /* TowerClient */,
			);
			productName = EmpireStateTowerLights;
			productReference = 5584EC262A9EB39A00781AD5 /* EmpireStateTowerLights.app */;
			productType = "com.apple.product-type.application";
		};
		55D512D12AA4C61200044A4E /* EmpireStateTowerLightsTests */ = {
			isa = PBXNativeTarget;
			buildConfigurationList = 55D512D82AA4C61200044A4E /* Build configuration list for PBXNativeTarget "EmpireStateTowerLightsTests" */;
			buildPhases = (
				55D512CE2AA4C61200044A4E /* Sources */,
				55D512CF2AA4C61200044A4E /* Frameworks */,
				55D512D02AA4C61200044A4E /* Resources */,
			);
			buildRules = (
			);
			dependencies = (
				55D512D72AA4C61200044A4E /* PBXTargetDependency */,
			);
			name = EmpireStateTowerLightsTests;
			productName = EmpireStateTowerLightsTests;
			productReference = 55D512D22AA4C61200044A4E /* EmpireStateTowerLightsTests.xctest */;
			productType = "com.apple.product-type.bundle.unit-test";
		};
		55F64AD72AAFD84A00A5CCE5 /* EmpireStateTowerWidgetExtension */ = {
			isa = PBXNativeTarget;
			buildConfigurationList = 55F64AEF2AAFD84C00A5CCE5 /* Build configuration list for PBXNativeTarget "EmpireStateTowerWidgetExtension" */;
			buildPhases = (
				55F64AD42AAFD84A00A5CCE5 /* Sources */,
				55F64AD52AAFD84A00A5CCE5 /* Frameworks */,
				55F64AD62AAFD84A00A5CCE5 /* Resources */,
			);
			buildRules = (
			);
			dependencies = (
			);
			name = EmpireStateTowerWidgetExtension;
			packageProductDependencies = (
				55F64AF32AB12DB900A5CCE5 /* ComposableArchitecture */,
				55F64AF82AB13A5F00A5CCE5 /* SwiftSoup */,
				558C70CE2AC6F28400129614 /* Models */,
				558C70D02AC6F28800129614 /* TowerWidgetKit */,
				55A4E8CA2AC7907400199360 /* DesignSystem */,
			);
			productName = EmpireStateTowerWidgetExtension;
			productReference = 55F64AD82AAFD84A00A5CCE5 /* EmpireStateTowerWidgetExtension.appex */;
			productType = "com.apple.product-type.app-extension";
		};
		B53271B1AA2645058570C1FF /* EmpireStateTowerWatch */ = {
			isa = PBXNativeTarget;
			buildConfigurationList = 36D65FDF15A5403A9B13C936 /* Build configuration list for PBXNativeTarget "EmpireStateTowerWatch" */;
			buildPhases = (
				2DA210ED9C4745608F6E9EE9 /* Sources */,
				D3A237CD5946455490A8C19F /* Frameworks */,
				D7B7B996D2E9407DA725741A /* Resources */,
				C40A5815FE334E71B8D8E229 /* Embed Foundation Extensions */,
			);
			buildRules = (
			);
			dependencies = (
				6E23DE1DCD3C4FC792A2A054 /* PBXTargetDependency */,
			);
			name = EmpireStateTowerWatch;
			packageProductDependencies = (
				7359D2AF11D2474CA8056426 /* WatchFeature */,
			);
			productName = EmpireStateTowerWatch;
			productReference = 992ACBAD01DC4C16AE8184CC /* EmpireStateTowerWatch.app */;
			productType = "com.apple.product-type.application";
		};
		9750A39DF4A4468FB378A9ED /* EmpireStateTowerWatchWidgets */ = {
			isa = PBXNativeTarget;
			buildConfigurationList = 17BCAB7B71D5449C8E8E8EA9 /* Build configuration list for PBXNativeTarget "EmpireStateTowerWatchWidgets" */;
			buildPhases = (
				C07CD0C6A3E640F7B31A2CD6 /* Sources */,
				D263DDB3CBEB4FCC820012A7 /* Frameworks */,
				5EFB577086344A21964063A0 /* Resources */,
			);
			buildRules = (
			);
			dependencies = (
			);
			name = EmpireStateTowerWatchWidgets;
			packageProductDependencies = (
				42CD1901DF974F838B80DE2E /* TowerWidgetKit */,
				B38AA0C23757401AB6023306 /* Models */,
			);
			productName = EmpireStateTowerWatchWidgets;
			productReference = FC4283B2C80B4727BF076939 /* EmpireStateTowerWatchWidgets.appex */;
			productType = "com.apple.product-type.app-extension";
		};
/* End PBXNativeTarget section */

/* Begin PBXProject section */
		5584EC1E2A9EB39A00781AD5 /* Project object */ = {
			isa = PBXProject;
			attributes = {
				BuildIndependentTargetsInParallel = 1;
				LastSwiftUpdateCheck = 1430;
				LastUpgradeCheck = 1430;
				TargetAttributes = {
					5584EC252A9EB39A00781AD5 = {
						CreatedOnToolsVersion = 14.3.1;
					};
					55D512D12AA4C61200044A4E = {
						CreatedOnToolsVersion = 14.3.1;
						TestTargetID = 5584EC252A9EB39A00781AD5;
					};
					55F64AD72AAFD84A00A5CCE5 = {
						CreatedOnToolsVersion = 14.3.1;
					};
					B53271B1AA2645058570C1FF = {
						CreatedOnToolsVersion = 27.0;
					};
					9750A39DF4A4468FB378A9ED = {
						CreatedOnToolsVersion = 27.0;
					};
				};
			};
			buildConfigurationList = 5584EC212A9EB39A00781AD5 /* Build configuration list for PBXProject "EmpireStateTowerLights" */;
			compatibilityVersion = "Xcode 14.0";
			developmentRegion = en;
			hasScannedForEncodings = 0;
			knownRegions = (
				en,
				Base,
			);
			mainGroup = 5584EC1D2A9EB39A00781AD5;
			packageReferences = (
				5584EC372A9EC16E00781AD5 /* XCRemoteSwiftPackageReference "swift-composable-architecture" */,
				55D512CB2A9FF8A600044A4E /* XCRemoteSwiftPackageReference "SwiftSoup" */,
				55A4E8CC2AC790A700199360 /* XCLocalSwiftPackageReference "EmpireStateTowerLights/EmpireModule" */,
			);
			productRefGroup = 5584EC272A9EB39A00781AD5 /* Products */;
			projectDirPath = "";
			projectRoot = "";
			targets = (
				5584EC252A9EB39A00781AD5 /* EmpireStateTowerLights */,
				55D512D12AA4C61200044A4E /* EmpireStateTowerLightsTests */,
				55F64AD72AAFD84A00A5CCE5 /* EmpireStateTowerWidgetExtension */,
				B53271B1AA2645058570C1FF /* EmpireStateTowerWatch */,
				9750A39DF4A4468FB378A9ED /* EmpireStateTowerWatchWidgets */,
			);
		};
/* End PBXProject section */

/* Begin PBXResourcesBuildPhase section */
		5584EC242A9EB39A00781AD5 /* Resources */ = {
			isa = PBXResourcesBuildPhase;
			buildActionMask = 2147483647;
			files = (
				5584EC312A9EB39B00781AD5 /* Preview Assets.xcassets in Resources */,
				5584EC2E2A9EB39B00781AD5 /* Assets.xcassets in Resources */,
			);
			runOnlyForDeploymentPostprocessing = 0;
		};
		55D512D02AA4C61200044A4E /* Resources */ = {
			isa = PBXResourcesBuildPhase;
			buildActionMask = 2147483647;
			files = (
			);
			runOnlyForDeploymentPostprocessing = 0;
		};
		55F64AD62AAFD84A00A5CCE5 /* Resources */ = {
			isa = PBXResourcesBuildPhase;
			buildActionMask = 2147483647;
			files = (
				55F64AE52AAFD84C00A5CCE5 /* Assets.xcassets in Resources */,
			);
			runOnlyForDeploymentPostprocessing = 0;
		};
		D7B7B996D2E9407DA725741A /* Resources */ = {
			isa = PBXResourcesBuildPhase;
			buildActionMask = 2147483647;
			files = (
				FCBC4F01A66E48E9A80D05CB /* Assets.xcassets in Resources */,
			);
			runOnlyForDeploymentPostprocessing = 0;
		};
		5EFB577086344A21964063A0 /* Resources */ = {
			isa = PBXResourcesBuildPhase;
			buildActionMask = 2147483647;
			files = (
			);
			runOnlyForDeploymentPostprocessing = 0;
		};
/* End PBXResourcesBuildPhase section */

/* Begin PBXSourcesBuildPhase section */
		5584EC222A9EB39A00781AD5 /* Sources */ = {
			isa = PBXSourcesBuildPhase;
			buildActionMask = 2147483647;
			files = (
				55CC5C0E2B1E7C700045B062 /* EmpireAppIntents.swift in Sources */,
				5584EC2A2A9EB39A00781AD5 /* EmpireStateTowerLightsApp.swift in Sources */,
				55C4F6F42AC51A9800677B48 /* SplashScreen.swift in Sources */,
			);
			runOnlyForDeploymentPostprocessing = 0;
		};
		55D512CE2AA4C61200044A4E /* Sources */ = {
			isa = PBXSourcesBuildPhase;
			buildActionMask = 2147483647;
			files = (
			);
			runOnlyForDeploymentPostprocessing = 0;
		};
		55F64AD42AAFD84A00A5CCE5 /* Sources */ = {
			isa = PBXSourcesBuildPhase;
			buildActionMask = 2147483647;
			files = (
				55F64AE02AAFD84A00A5CCE5 /* EmpireStateTowerWidgetBundle.swift in Sources */,
				55F64AE22AAFD84A00A5CCE5 /* EmpireStateTowerWidget.swift in Sources */,
			);
			runOnlyForDeploymentPostprocessing = 0;
		};
		2DA210ED9C4745608F6E9EE9 /* Sources */ = {
			isa = PBXSourcesBuildPhase;
			buildActionMask = 2147483647;
			files = (
				015CA96405D244E7A2740AFA /* EmpireStateTowerWatchApp.swift in Sources */,
			);
			runOnlyForDeploymentPostprocessing = 0;
		};
		C07CD0C6A3E640F7B31A2CD6 /* Sources */ = {
			isa = PBXSourcesBuildPhase;
			buildActionMask = 2147483647;
			files = (
				3B65E7D2CC44441E9510BB67 /* WatchWidgets.swift in Sources */,
			);
			runOnlyForDeploymentPostprocessing = 0;
		};
/* End PBXSourcesBuildPhase section */

/* Begin PBXTargetDependency section */
		55D512D72AA4C61200044A4E /* PBXTargetDependency */ = {
			isa = PBXTargetDependency;
			target = 5584EC252A9EB39A00781AD5 /* EmpireStateTowerLights */;
			targetProxy = 55D512D62AA4C61200044A4E /* PBXContainerItemProxy */;
		};
		55F64AEA2AAFD84C00A5CCE5 /* PBXTargetDependency */ = {
			isa = PBXTargetDependency;
			target = 55F64AD72AAFD84A00A5CCE5 /* EmpireStateTowerWidgetExtension */;
			targetProxy = 55F64AE92AAFD84C00A5CCE5 /* PBXContainerItemProxy */;
		};
		BD1433EE327E4CCABE1C9E59 /* PBXTargetDependency */ = {
			isa = PBXTargetDependency;
			target = B53271B1AA2645058570C1FF /* EmpireStateTowerWatch */;
			targetProxy = 9FB9B25BB2784CB8AB0501CC /* PBXContainerItemProxy */;
		};
		6E23DE1DCD3C4FC792A2A054 /* PBXTargetDependency */ = {
			isa = PBXTargetDependency;
			target = 9750A39DF4A4468FB378A9ED /* EmpireStateTowerWatchWidgets */;
			targetProxy = FFA1842333444AFDA05293F6 /* PBXContainerItemProxy */;
		};
/* End PBXTargetDependency section */

/* Begin XCBuildConfiguration section */
		5584EC322A9EB39B00781AD5 /* Debug */ = {
			isa = XCBuildConfiguration;
			buildSettings = {
				ALWAYS_SEARCH_USER_PATHS = NO;
				CLANG_ANALYZER_NONNULL = YES;
				CLANG_ANALYZER_NUMBER_OBJECT_CONVERSION = YES_AGGRESSIVE;
				CLANG_CXX_LANGUAGE_STANDARD = "gnu++20";
				CLANG_ENABLE_MODULES = YES;
				CLANG_ENABLE_OBJC_ARC = YES;
				CLANG_ENABLE_OBJC_WEAK = YES;
				CLANG_WARN_BLOCK_CAPTURE_AUTORELEASING = YES;
				CLANG_WARN_BOOL_CONVERSION = YES;
				CLANG_WARN_COMMA = YES;
				CLANG_WARN_CONSTANT_CONVERSION = YES;
				CLANG_WARN_DEPRECATED_OBJC_IMPLEMENTATIONS = YES;
				CLANG_WARN_DIRECT_OBJC_ISA_USAGE = YES_ERROR;
				CLANG_WARN_DOCUMENTATION_COMMENTS = YES;
				CLANG_WARN_EMPTY_BODY = YES;
				CLANG_WARN_ENUM_CONVERSION = YES;
				CLANG_WARN_INFINITE_RECURSION = YES;
				CLANG_WARN_INT_CONVERSION = YES;
				CLANG_WARN_NON_LITERAL_NULL_CONVERSION = YES;
				CLANG_WARN_OBJC_IMPLICIT_RETAIN_SELF = YES;
				CLANG_WARN_OBJC_LITERAL_CONVERSION = YES;
				CLANG_WARN_OBJC_ROOT_CLASS = YES_ERROR;
				CLANG_WARN_QUOTED_INCLUDE_IN_FRAMEWORK_HEADER = YES;
				CLANG_WARN_RANGE_LOOP_ANALYSIS = YES;
				CLANG_WARN_STRICT_PROTOTYPES = YES;
				CLANG_WARN_SUSPICIOUS_MOVE = YES;
				CLANG_WARN_UNGUARDED_AVAILABILITY = YES_AGGRESSIVE;
				CLANG_WARN_UNREACHABLE_CODE = YES;
				CLANG_WARN__DUPLICATE_METHOD_MATCH = YES;
				COPY_PHASE_STRIP = NO;
				DEBUG_INFORMATION_FORMAT = dwarf;
				ENABLE_STRICT_OBJC_MSGSEND = YES;
				ENABLE_TESTABILITY = YES;
				GCC_C_LANGUAGE_STANDARD = gnu11;
				GCC_DYNAMIC_NO_PIC = NO;
				GCC_NO_COMMON_BLOCKS = YES;
				GCC_OPTIMIZATION_LEVEL = 0;
				GCC_PREPROCESSOR_DEFINITIONS = (
					"DEBUG=1",
					"$(inherited)",
				);
				GCC_WARN_64_TO_32_BIT_CONVERSION = YES;
				GCC_WARN_ABOUT_RETURN_TYPE = YES_ERROR;
				GCC_WARN_UNDECLARED_SELECTOR = YES;
				GCC_WARN_UNINITIALIZED_AUTOS = YES_AGGRESSIVE;
				GCC_WARN_UNUSED_FUNCTION = YES;
				GCC_WARN_UNUSED_VARIABLE = YES;
				IPHONEOS_DEPLOYMENT_TARGET = 17.0;
				MTL_ENABLE_DEBUG_INFO = INCLUDE_SOURCE;
				MTL_FAST_MATH = YES;
				ONLY_ACTIVE_ARCH = YES;
				SDKROOT = iphoneos;
				SWIFT_ACTIVE_COMPILATION_CONDITIONS = DEBUG;
				SWIFT_OPTIMIZATION_LEVEL = "-Onone";
			};
			name = Debug;
		};
		5584EC332A9EB39B00781AD5 /* Release */ = {
			isa = XCBuildConfiguration;
			buildSettings = {
				ALWAYS_SEARCH_USER_PATHS = NO;
				CLANG_ANALYZER_NONNULL = YES;
				CLANG_ANALYZER_NUMBER_OBJECT_CONVERSION = YES_AGGRESSIVE;
				CLANG_CXX_LANGUAGE_STANDARD = "gnu++20";
				CLANG_ENABLE_MODULES = YES;
				CLANG_ENABLE_OBJC_ARC = YES;
				CLANG_ENABLE_OBJC_WEAK = YES;
				CLANG_WARN_BLOCK_CAPTURE_AUTORELEASING = YES;
				CLANG_WARN_BOOL_CONVERSION = YES;
				CLANG_WARN_COMMA = YES;
				CLANG_WARN_CONSTANT_CONVERSION = YES;
				CLANG_WARN_DEPRECATED_OBJC_IMPLEMENTATIONS = YES;
				CLANG_WARN_DIRECT_OBJC_ISA_USAGE = YES_ERROR;
				CLANG_WARN_DOCUMENTATION_COMMENTS = YES;
				CLANG_WARN_EMPTY_BODY = YES;
				CLANG_WARN_ENUM_CONVERSION = YES;
				CLANG_WARN_INFINITE_RECURSION = YES;
				CLANG_WARN_INT_CONVERSION = YES;
				CLANG_WARN_NON_LITERAL_NULL_CONVERSION = YES;
				CLANG_WARN_OBJC_IMPLICIT_RETAIN_SELF = YES;
				CLANG_WARN_OBJC_LITERAL_CONVERSION = YES;
				CLANG_WARN_OBJC_ROOT_CLASS = YES_ERROR;
				CLANG_WARN_QUOTED_INCLUDE_IN_FRAMEWORK_HEADER = YES;
				CLANG_WARN_RANGE_LOOP_ANALYSIS = YES;
				CLANG_WARN_STRICT_PROTOTYPES = YES;
				CLANG_WARN_SUSPICIOUS_MOVE = YES;
				CLANG_WARN_UNGUARDED_AVAILABILITY = YES_AGGRESSIVE;
				CLANG_WARN_UNREACHABLE_CODE = YES;
				CLANG_WARN__DUPLICATE_METHOD_MATCH = YES;
				COPY_PHASE_STRIP = NO;
				DEBUG_INFORMATION_FORMAT = "dwarf-with-dsym";
				ENABLE_NS_ASSERTIONS = NO;
				ENABLE_STRICT_OBJC_MSGSEND = YES;
				GCC_C_LANGUAGE_STANDARD = gnu11;
				GCC_NO_COMMON_BLOCKS = YES;
				GCC_WARN_64_TO_32_BIT_CONVERSION = YES;
				GCC_WARN_ABOUT_RETURN_TYPE = YES_ERROR;
				GCC_WARN_UNDECLARED_SELECTOR = YES;
				GCC_WARN_UNINITIALIZED_AUTOS = YES_AGGRESSIVE;
				GCC_WARN_UNUSED_FUNCTION = YES;
				GCC_WARN_UNUSED_VARIABLE = YES;
				IPHONEOS_DEPLOYMENT_TARGET = 17.0;
				MTL_ENABLE_DEBUG_INFO = NO;
				MTL_FAST_MATH = YES;
				SDKROOT = iphoneos;
				SWIFT_COMPILATION_MODE = wholemodule;
				SWIFT_OPTIMIZATION_LEVEL = "-O";
				VALIDATE_PRODUCT = YES;
			};
			name = Release;
		};
		5584EC352A9EB39B00781AD5 /* Debug */ = {
			isa = XCBuildConfiguration;
			buildSettings = {
				ALWAYS_EMBED_SWIFT_STANDARD_LIBRARIES = YES;
				ASSETCATALOG_COMPILER_APPICON_NAME = AppIcon;
				ASSETCATALOG_COMPILER_GLOBAL_ACCENT_COLOR_NAME = AccentColor;
				CODE_SIGN_STYLE = Automatic;
				CURRENT_PROJECT_VERSION = 5;
				DEVELOPMENT_ASSET_PATHS = "\"EmpireStateTowerLights/Preview Content\"";
				DEVELOPMENT_TEAM = 6JBM5ZNF6C;
				ENABLE_PREVIEWS = YES;
				GENERATE_INFOPLIST_FILE = YES;
				ASSETCATALOG_COMPILER_INCLUDE_ALL_APPICON_ASSETS = YES;
				INFOPLIST_FILE = EmpireStateTowerLights/Info.plist;
				INFOPLIST_KEY_CFBundleDisplayName = "Empire Tower Lights";
				INFOPLIST_KEY_LSApplicationCategoryType = "public.app-category.travel";
				INFOPLIST_KEY_UIApplicationSceneManifest_Generation = YES;
				INFOPLIST_KEY_UIApplicationSupportsIndirectInputEvents = YES;
				INFOPLIST_KEY_UILaunchScreen_Generation = YES;
				INFOPLIST_KEY_UIStatusBarStyle = "";
				INFOPLIST_KEY_UISupportedInterfaceOrientations = UIInterfaceOrientationPortrait;
				IPHONEOS_DEPLOYMENT_TARGET = 17.0;
				LD_RUNPATH_SEARCH_PATHS = (
					"$(inherited)",
					"@executable_path/Frameworks",
				);
				MARKETING_VERSION = 2.0.1;
				PRODUCT_BUNDLE_IDENTIFIER = com.Swifttom.EmpireStateTowerLights;
				PRODUCT_NAME = "$(TARGET_NAME)";
				SUPPORTED_PLATFORMS = "iphoneos iphonesimulator";
				SUPPORTS_MACCATALYST = NO;
				SWIFT_EMIT_LOC_STRINGS = YES;
				SWIFT_VERSION = 5.0;
				TARGETED_DEVICE_FAMILY = 1;
			};
			name = Debug;
		};
		5584EC362A9EB39B00781AD5 /* Release */ = {
			isa = XCBuildConfiguration;
			buildSettings = {
				ALWAYS_EMBED_SWIFT_STANDARD_LIBRARIES = YES;
				ASSETCATALOG_COMPILER_APPICON_NAME = AppIcon;
				ASSETCATALOG_COMPILER_GLOBAL_ACCENT_COLOR_NAME = AccentColor;
				CODE_SIGN_STYLE = Automatic;
				CURRENT_PROJECT_VERSION = 5;
				DEVELOPMENT_ASSET_PATHS = "\"EmpireStateTowerLights/Preview Content\"";
				DEVELOPMENT_TEAM = 6JBM5ZNF6C;
				ENABLE_PREVIEWS = YES;
				GENERATE_INFOPLIST_FILE = YES;
				ASSETCATALOG_COMPILER_INCLUDE_ALL_APPICON_ASSETS = YES;
				INFOPLIST_FILE = EmpireStateTowerLights/Info.plist;
				INFOPLIST_KEY_CFBundleDisplayName = "Empire Tower Lights";
				INFOPLIST_KEY_LSApplicationCategoryType = "public.app-category.travel";
				INFOPLIST_KEY_UIApplicationSceneManifest_Generation = YES;
				INFOPLIST_KEY_UIApplicationSupportsIndirectInputEvents = YES;
				INFOPLIST_KEY_UILaunchScreen_Generation = YES;
				INFOPLIST_KEY_UIStatusBarStyle = "";
				INFOPLIST_KEY_UISupportedInterfaceOrientations = UIInterfaceOrientationPortrait;
				IPHONEOS_DEPLOYMENT_TARGET = 17.0;
				LD_RUNPATH_SEARCH_PATHS = (
					"$(inherited)",
					"@executable_path/Frameworks",
				);
				MARKETING_VERSION = 2.0.1;
				PRODUCT_BUNDLE_IDENTIFIER = com.Swifttom.EmpireStateTowerLights;
				PRODUCT_NAME = "$(TARGET_NAME)";
				SUPPORTED_PLATFORMS = "iphoneos iphonesimulator";
				SUPPORTS_MACCATALYST = NO;
				SWIFT_EMIT_LOC_STRINGS = YES;
				SWIFT_VERSION = 5.0;
				TARGETED_DEVICE_FAMILY = 1;
			};
			name = Release;
		};
		55D512D92AA4C61200044A4E /* Debug */ = {
			isa = XCBuildConfiguration;
			buildSettings = {
				BUNDLE_LOADER = "$(TEST_HOST)";
				CODE_SIGN_STYLE = Automatic;
				CURRENT_PROJECT_VERSION = 5;
				DEVELOPMENT_TEAM = 6JBM5ZNF6C;
				GENERATE_INFOPLIST_FILE = YES;
				MARKETING_VERSION = 2.0.1;
				PRODUCT_BUNDLE_IDENTIFIER = com.Swifttom.EmpireStateTowerLightsTests;
				PRODUCT_NAME = "$(TARGET_NAME)";
				SWIFT_EMIT_LOC_STRINGS = NO;
				SWIFT_VERSION = 5.0;
				TARGETED_DEVICE_FAMILY = "1,2";
				TEST_HOST = "$(BUILT_PRODUCTS_DIR)/EmpireStateTowerLights.app/$(BUNDLE_EXECUTABLE_FOLDER_PATH)/EmpireStateTowerLights";
			};
			name = Debug;
		};
		55D512DA2AA4C61200044A4E /* Release */ = {
			isa = XCBuildConfiguration;
			buildSettings = {
				BUNDLE_LOADER = "$(TEST_HOST)";
				CODE_SIGN_STYLE = Automatic;
				CURRENT_PROJECT_VERSION = 5;
				DEVELOPMENT_TEAM = 6JBM5ZNF6C;
				GENERATE_INFOPLIST_FILE = YES;
				MARKETING_VERSION = 2.0.1;
				PRODUCT_BUNDLE_IDENTIFIER = com.Swifttom.EmpireStateTowerLightsTests;
				PRODUCT_NAME = "$(TARGET_NAME)";
				SWIFT_EMIT_LOC_STRINGS = NO;
				SWIFT_VERSION = 5.0;
				TARGETED_DEVICE_FAMILY = "1,2";
				TEST_HOST = "$(BUILT_PRODUCTS_DIR)/EmpireStateTowerLights.app/$(BUNDLE_EXECUTABLE_FOLDER_PATH)/EmpireStateTowerLights";
			};
			name = Release;
		};
		55F64AED2AAFD84C00A5CCE5 /* Debug */ = {
			isa = XCBuildConfiguration;
			buildSettings = {
				ASSETCATALOG_COMPILER_GLOBAL_ACCENT_COLOR_NAME = AccentColor;
				ASSETCATALOG_COMPILER_WIDGET_BACKGROUND_COLOR_NAME = WidgetBackground;
				CODE_SIGN_STYLE = Automatic;
				CURRENT_PROJECT_VERSION = 5;
				DEVELOPMENT_TEAM = 6JBM5ZNF6C;
				GENERATE_INFOPLIST_FILE = YES;
				INFOPLIST_FILE = EmpireStateTowerWidget/Info.plist;
				INFOPLIST_KEY_CFBundleDisplayName = EmpireStateTowerWidget;
				INFOPLIST_KEY_NSHumanReadableCopyright = "";
				LD_RUNPATH_SEARCH_PATHS = (
					"$(inherited)",
					"@executable_path/Frameworks",
					"@executable_path/../../Frameworks",
				);
				MARKETING_VERSION = 2.0.1;
				PRODUCT_BUNDLE_IDENTIFIER = com.Swifttom.EmpireStateTowerLights.EmpireStateTowerWidget;
				PRODUCT_NAME = "$(TARGET_NAME)";
				SKIP_INSTALL = YES;
				SWIFT_EMIT_LOC_STRINGS = YES;
				SWIFT_VERSION = 5.0;
				TARGETED_DEVICE_FAMILY = 1;
			};
			name = Debug;
		};
		55F64AEE2AAFD84C00A5CCE5 /* Release */ = {
			isa = XCBuildConfiguration;
			buildSettings = {
				ASSETCATALOG_COMPILER_GLOBAL_ACCENT_COLOR_NAME = AccentColor;
				ASSETCATALOG_COMPILER_WIDGET_BACKGROUND_COLOR_NAME = WidgetBackground;
				CODE_SIGN_STYLE = Automatic;
				CURRENT_PROJECT_VERSION = 5;
				DEVELOPMENT_TEAM = 6JBM5ZNF6C;
				GENERATE_INFOPLIST_FILE = YES;
				INFOPLIST_FILE = EmpireStateTowerWidget/Info.plist;
				INFOPLIST_KEY_CFBundleDisplayName = EmpireStateTowerWidget;
				INFOPLIST_KEY_NSHumanReadableCopyright = "";
				LD_RUNPATH_SEARCH_PATHS = (
					"$(inherited)",
					"@executable_path/Frameworks",
					"@executable_path/../../Frameworks",
				);
				MARKETING_VERSION = 2.0.1;
				PRODUCT_BUNDLE_IDENTIFIER = com.Swifttom.EmpireStateTowerLights.EmpireStateTowerWidget;
				PRODUCT_NAME = "$(TARGET_NAME)";
				SKIP_INSTALL = YES;
				SWIFT_EMIT_LOC_STRINGS = YES;
				SWIFT_VERSION = 5.0;
				TARGETED_DEVICE_FAMILY = 1;
			};
			name = Release;
		};
		E4D908E502C04DF396683C4E /* Debug */ = {
			isa = XCBuildConfiguration;
			buildSettings = {
				CODE_SIGN_STYLE = Automatic;
				CURRENT_PROJECT_VERSION = 5;
				DEVELOPMENT_TEAM = 6JBM5ZNF6C;
				GENERATE_INFOPLIST_FILE = YES;
				MARKETING_VERSION = 2.0.1;
				PRODUCT_NAME = "$(TARGET_NAME)";
				SDKROOT = watchos;
				SKIP_INSTALL = YES;
				SWIFT_EMIT_LOC_STRINGS = YES;
				SWIFT_VERSION = 5.0;
				TARGETED_DEVICE_FAMILY = 4;
				WATCHOS_DEPLOYMENT_TARGET = 10.0;
				ASSETCATALOG_COMPILER_APPICON_NAME = AppIcon;
				ASSETCATALOG_COMPILER_GLOBAL_ACCENT_COLOR_NAME = AccentColor;
				ENABLE_PREVIEWS = YES;
				INFOPLIST_KEY_CFBundleDisplayName = "Tower Lights";
				INFOPLIST_KEY_UISupportedInterfaceOrientations = "UIInterfaceOrientationPortrait UIInterfaceOrientationPortraitUpsideDown";
				INFOPLIST_KEY_WKCompanionAppBundleIdentifier = com.Swifttom.EmpireStateTowerLights;
				INFOPLIST_KEY_WKRunsIndependentlyOfCompanionApp = YES;
				LD_RUNPATH_SEARCH_PATHS = (
					"$(inherited)",
					"@executable_path/Frameworks",
				);
				PRODUCT_BUNDLE_IDENTIFIER = com.Swifttom.EmpireStateTowerLights.watchkitapp;
			};
			name = Debug;
		};
		D0A45376F5D6440D9CFEEDFC /* Release */ = {
			isa = XCBuildConfiguration;
			buildSettings = {
				CODE_SIGN_STYLE = Automatic;
				CURRENT_PROJECT_VERSION = 5;
				DEVELOPMENT_TEAM = 6JBM5ZNF6C;
				GENERATE_INFOPLIST_FILE = YES;
				MARKETING_VERSION = 2.0.1;
				PRODUCT_NAME = "$(TARGET_NAME)";
				SDKROOT = watchos;
				SKIP_INSTALL = YES;
				SWIFT_EMIT_LOC_STRINGS = YES;
				SWIFT_VERSION = 5.0;
				TARGETED_DEVICE_FAMILY = 4;
				WATCHOS_DEPLOYMENT_TARGET = 10.0;
				ASSETCATALOG_COMPILER_APPICON_NAME = AppIcon;
				ASSETCATALOG_COMPILER_GLOBAL_ACCENT_COLOR_NAME = AccentColor;
				ENABLE_PREVIEWS = YES;
				INFOPLIST_KEY_CFBundleDisplayName = "Tower Lights";
				INFOPLIST_KEY_UISupportedInterfaceOrientations = "UIInterfaceOrientationPortrait UIInterfaceOrientationPortraitUpsideDown";
				INFOPLIST_KEY_WKCompanionAppBundleIdentifier = com.Swifttom.EmpireStateTowerLights;
				INFOPLIST_KEY_WKRunsIndependentlyOfCompanionApp = YES;
				LD_RUNPATH_SEARCH_PATHS = (
					"$(inherited)",
					"@executable_path/Frameworks",
				);
				PRODUCT_BUNDLE_IDENTIFIER = com.Swifttom.EmpireStateTowerLights.watchkitapp;
			};
			name = Release;
		};
		AA408E8A17014AE1AE4F05F1 /* Debug */ = {
			isa = XCBuildConfiguration;
			buildSettings = {
				CODE_SIGN_STYLE = Automatic;
				CURRENT_PROJECT_VERSION = 5;
				DEVELOPMENT_TEAM = 6JBM5ZNF6C;
				GENERATE_INFOPLIST_FILE = YES;
				MARKETING_VERSION = 2.0.1;
				PRODUCT_NAME = "$(TARGET_NAME)";
				SDKROOT = watchos;
				SKIP_INSTALL = YES;
				SWIFT_EMIT_LOC_STRINGS = YES;
				SWIFT_VERSION = 5.0;
				TARGETED_DEVICE_FAMILY = 4;
				WATCHOS_DEPLOYMENT_TARGET = 10.0;
				ENABLE_PREVIEWS = YES;
				INFOPLIST_FILE = EmpireStateTowerWatchWidgets/Info.plist;
				INFOPLIST_KEY_CFBundleDisplayName = "Tower Lights";
				INFOPLIST_KEY_NSHumanReadableCopyright = "";
				LD_RUNPATH_SEARCH_PATHS = (
					"$(inherited)",
					"@executable_path/Frameworks",
					"@executable_path/../../Frameworks",
				);
				PRODUCT_BUNDLE_IDENTIFIER = com.Swifttom.EmpireStateTowerLights.watchkitapp.widgets;
			};
			name = Debug;
		};
		F32EF56BC41B461FBED0F619 /* Release */ = {
			isa = XCBuildConfiguration;
			buildSettings = {
				CODE_SIGN_STYLE = Automatic;
				CURRENT_PROJECT_VERSION = 5;
				DEVELOPMENT_TEAM = 6JBM5ZNF6C;
				GENERATE_INFOPLIST_FILE = YES;
				MARKETING_VERSION = 2.0.1;
				PRODUCT_NAME = "$(TARGET_NAME)";
				SDKROOT = watchos;
				SKIP_INSTALL = YES;
				SWIFT_EMIT_LOC_STRINGS = YES;
				SWIFT_VERSION = 5.0;
				TARGETED_DEVICE_FAMILY = 4;
				WATCHOS_DEPLOYMENT_TARGET = 10.0;
				ENABLE_PREVIEWS = YES;
				INFOPLIST_FILE = EmpireStateTowerWatchWidgets/Info.plist;
				INFOPLIST_KEY_CFBundleDisplayName = "Tower Lights";
				INFOPLIST_KEY_NSHumanReadableCopyright = "";
				LD_RUNPATH_SEARCH_PATHS = (
					"$(inherited)",
					"@executable_path/Frameworks",
					"@executable_path/../../Frameworks",
				);
				PRODUCT_BUNDLE_IDENTIFIER = com.Swifttom.EmpireStateTowerLights.watchkitapp.widgets;
			};
			name = Release;
		};
/* End XCBuildConfiguration section */

/* Begin XCConfigurationList section */
		5584EC212A9EB39A00781AD5 /* Build configuration list for PBXProject "EmpireStateTowerLights" */ = {
			isa = XCConfigurationList;
			buildConfigurations = (
				5584EC322A9EB39B00781AD5 /* Debug */,
				5584EC332A9EB39B00781AD5 /* Release */,
			);
			defaultConfigurationIsVisible = 0;
			defaultConfigurationName = Release;
		};
		5584EC342A9EB39B00781AD5 /* Build configuration list for PBXNativeTarget "EmpireStateTowerLights" */ = {
			isa = XCConfigurationList;
			buildConfigurations = (
				5584EC352A9EB39B00781AD5 /* Debug */,
				5584EC362A9EB39B00781AD5 /* Release */,
			);
			defaultConfigurationIsVisible = 0;
			defaultConfigurationName = Release;
		};
		55D512D82AA4C61200044A4E /* Build configuration list for PBXNativeTarget "EmpireStateTowerLightsTests" */ = {
			isa = XCConfigurationList;
			buildConfigurations = (
				55D512D92AA4C61200044A4E /* Debug */,
				55D512DA2AA4C61200044A4E /* Release */,
			);
			defaultConfigurationIsVisible = 0;
			defaultConfigurationName = Release;
		};
		55F64AEF2AAFD84C00A5CCE5 /* Build configuration list for PBXNativeTarget "EmpireStateTowerWidgetExtension" */ = {
			isa = XCConfigurationList;
			buildConfigurations = (
				55F64AED2AAFD84C00A5CCE5 /* Debug */,
				55F64AEE2AAFD84C00A5CCE5 /* Release */,
			);
			defaultConfigurationIsVisible = 0;
			defaultConfigurationName = Release;
		};
		36D65FDF15A5403A9B13C936 /* Build configuration list for PBXNativeTarget "EmpireStateTowerWatch" */ = {
			isa = XCConfigurationList;
			buildConfigurations = (
				E4D908E502C04DF396683C4E /* Debug */,
				D0A45376F5D6440D9CFEEDFC /* Release */,
			);
			defaultConfigurationIsVisible = 0;
			defaultConfigurationName = Release;
		};
		17BCAB7B71D5449C8E8E8EA9 /* Build configuration list for PBXNativeTarget "EmpireStateTowerWatchWidgets" */ = {
			isa = XCConfigurationList;
			buildConfigurations = (
				AA408E8A17014AE1AE4F05F1 /* Debug */,
				F32EF56BC41B461FBED0F619 /* Release */,
			);
			defaultConfigurationIsVisible = 0;
			defaultConfigurationName = Release;
		};
/* End XCConfigurationList section */

/* Begin XCLocalSwiftPackageReference section */
		55A4E8CC2AC790A700199360 /* XCLocalSwiftPackageReference "EmpireStateTowerLights/EmpireModule" */ = {
			isa = XCLocalSwiftPackageReference;
			relativePath = EmpireStateTowerLights/EmpireModule;
		};
/* End XCLocalSwiftPackageReference section */

/* Begin XCRemoteSwiftPackageReference section */
		5584EC372A9EC16E00781AD5 /* XCRemoteSwiftPackageReference "swift-composable-architecture" */ = {
			isa = XCRemoteSwiftPackageReference;
			repositoryURL = "https://github.com/pointfreeco/swift-composable-architecture.git";
			requirement = {
				kind = upToNextMajorVersion;
				minimumVersion = 1.26.0;
			};
		};
		55D512CB2A9FF8A600044A4E /* XCRemoteSwiftPackageReference "SwiftSoup" */ = {
			isa = XCRemoteSwiftPackageReference;
			repositoryURL = "https://github.com/scinfu/SwiftSoup.git";
			requirement = {
				kind = upToNextMajorVersion;
				minimumVersion = 2.7.0;
			};
		};
/* End XCRemoteSwiftPackageReference section */

/* Begin XCSwiftPackageProductDependency section */
		5584EC382A9EC16E00781AD5 /* ComposableArchitecture */ = {
			isa = XCSwiftPackageProductDependency;
			package = 5584EC372A9EC16E00781AD5 /* XCRemoteSwiftPackageReference "swift-composable-architecture" */;
			productName = ComposableArchitecture;
		};
		558C70C62AC66B5900129614 /* AppFeature */ = {
			isa = XCSwiftPackageProductDependency;
			productName = AppFeature;
		};
		558C70CA2AC6EB5400129614 /* Models */ = {
			isa = XCSwiftPackageProductDependency;
			productName = Models;
		};
		558C70CE2AC6F28400129614 /* Models */ = {
			isa = XCSwiftPackageProductDependency;
			productName = Models;
		};
		558C70D02AC6F28800129614 /* TowerWidgetKit */ = {
			isa = XCSwiftPackageProductDependency;
			productName = TowerWidgetKit;
		};
		55A4E8C82AC78F2900199360 /* DesignSystem */ = {
			isa = XCSwiftPackageProductDependency;
			productName = DesignSystem;
		};
		55A4E8CA2AC7907400199360 /* DesignSystem */ = {
			isa = XCSwiftPackageProductDependency;
			productName = DesignSystem;
		};
		55A4E8D02AC7A5BE00199360 /* TowerClient */ = {
			isa = XCSwiftPackageProductDependency;
			productName = TowerClient;
		};
		55D512CC2A9FF8A600044A4E /* SwiftSoup */ = {
			isa = XCSwiftPackageProductDependency;
			package = 55D512CB2A9FF8A600044A4E /* XCRemoteSwiftPackageReference "SwiftSoup" */;
			productName = SwiftSoup;
		};
		55F64AF32AB12DB900A5CCE5 /* ComposableArchitecture */ = {
			isa = XCSwiftPackageProductDependency;
			package = 5584EC372A9EC16E00781AD5 /* XCRemoteSwiftPackageReference "swift-composable-architecture" */;
			productName = ComposableArchitecture;
		};
		55F64AF82AB13A5F00A5CCE5 /* SwiftSoup */ = {
			isa = XCSwiftPackageProductDependency;
			package = 55D512CB2A9FF8A600044A4E /* XCRemoteSwiftPackageReference "SwiftSoup" */;
			productName = SwiftSoup;
		};
		7359D2AF11D2474CA8056426 /* WatchFeature */ = {
			isa = XCSwiftPackageProductDependency;
			productName = WatchFeature;
		};
		42CD1901DF974F838B80DE2E /* TowerWidgetKit */ = {
			isa = XCSwiftPackageProductDependency;
			productName = TowerWidgetKit;
		};
		B38AA0C23757401AB6023306 /* Models */ = {
			isa = XCSwiftPackageProductDependency;
			productName = Models;
		};
/* End XCSwiftPackageProductDependency section */
	};
	rootObject = 5584EC1E2A9EB39A00781AD5 /* Project object */;
}
