// !$*UTF8*$!
{
	archiveVersion = 1;
	classes = {
	};
	objectVersion = 56;
	objects = {

/* Begin PBXBuildFile section */
		5508D6DF2AA8156E00E8F610 /* TabBarFeature.swift in Sources */ = {isa = PBXBuildFile; fileRef = 5508D6DE2AA8156E00E8F610 /* TabBarFeature.swift */; };
		550F60552AAC1A63000A8E3B /* EmpireStateTowerCurrentLightsTest.swift in Sources */ = {isa = PBXBuildFile; fileRef = 550F60542AAC1A63000A8E3B /* EmpireStateTowerCurrentLightsTest.swift */; };
		5584EC2A2A9EB39A00781AD5 /* EmpireStateTowerLightsApp.swift in Sources */ = {isa = PBXBuildFile; fileRef = 5584EC292A9EB39A00781AD5 /* EmpireStateTowerLightsApp.swift */; };
		5584EC2C2A9EB39A00781AD5 /* MonthlyTowerLightsView.swift in Sources */ = {isa = PBXBuildFile; fileRef = 5584EC2B2A9EB39A00781AD5 /* MonthlyTowerLightsView.swift */; };
		5584EC2E2A9EB39B00781AD5 /* Assets.xcassets in Resources */ = {isa = PBXBuildFile; fileRef = 5584EC2D2A9EB39B00781AD5 /* Assets.xcassets */; };
		5584EC312A9EB39B00781AD5 /* Preview Assets.xcassets in Resources */ = {isa = PBXBuildFile; fileRef = 5584EC302A9EB39B00781AD5 /* Preview Assets.xcassets */; };
		5584EC392A9EC16E00781AD5 /* ComposableArchitecture in Frameworks */ = {isa = PBXBuildFile; productRef = 5584EC382A9EC16E00781AD5 /* ComposableArchitecture */; };
		558C70C72AC66B5900129614 /* CurrentTowerFeature in Frameworks */ = {isa = PBXBuildFile; productRef = 558C70C62AC66B5900129614 /* CurrentTowerFeature */; };
		558C70C92AC6EB5400129614 /* EmpireModule in Frameworks */ = {isa = PBXBuildFile; productRef = 558C70C82AC6EB5400129614 /* EmpireModule */; };
		558C70CB2AC6EB5400129614 /* Models in Frameworks */ = {isa = PBXBuildFile; productRef = 558C70CA2AC6EB5400129614 /* Models */; };
		558C70CD2AC6EB5400129614 /* Views in Frameworks */ = {isa = PBXBuildFile; productRef = 558C70CC2AC6EB5400129614 /* Views */; };
		558C70CF2AC6F28400129614 /* Models in Frameworks */ = {isa = PBXBuildFile; productRef = 558C70CE2AC6F28400129614 /* Models */; };
		558C70D12AC6F28800129614 /* CurrentTowerFeature in Frameworks */ = {isa = PBXBuildFile; productRef = 558C70D02AC6F28800129614 /* CurrentTowerFeature */; };
		55A01F812AB51D890064E7E3 /* NIghtBackgroundModifiers.swift in Sources */ = {isa = PBXBuildFile; fileRef = 55A01F802AB51D890064E7E3 /* NIghtBackgroundModifiers.swift */; };
		55A0F07C2AC62BBF009D42DB /* Empire.json in Resources */ = {isa = PBXBuildFile; fileRef = 55A0F07B2AC62BBF009D42DB /* Empire.json */; };
		55A0F0802AC62CEA009D42DB /* LottieView.swift in Sources */ = {isa = PBXBuildFile; fileRef = 55A0F07F2AC62CEA009D42DB /* LottieView.swift */; };
		55A0F0822AC62D0D009D42DB /* Lottie in Frameworks */ = {isa = PBXBuildFile; productRef = 55A0F0812AC62D0D009D42DB /* Lottie */; };
		55C4F6F42AC51A9800677B48 /* SplashScreen.swift in Sources */ = {isa = PBXBuildFile; fileRef = 55C4F6F32AC51A9800677B48 /* SplashScreen.swift */; };
		55D512CA2A9FF86300044A4E /* MonthlyTowerClient.swift in Sources */ = {isa = PBXBuildFile; fileRef = 55D512C92A9FF86300044A4E /* MonthlyTowerClient.swift */; };
		55D512CD2A9FF8A600044A4E /* SwiftSoup in Frameworks */ = {isa = PBXBuildFile; productRef = 55D512CC2A9FF8A600044A4E /* SwiftSoup */; };
		55D512D52AA4C61200044A4E /* EmpireStateTEmpireStateTowerMonthLightsTestsowerLightsTests.swift in Sources */ = {isa = PBXBuildFile; fileRef = 55D512D42AA4C61200044A4E /* EmpireStateTEmpireStateTowerMonthLightsTestsowerLightsTests.swift */; };
		55D512DC2AA525AA00044A4E /* CurrentTowerLightsView.swift in Sources */ = {isa = PBXBuildFile; fileRef = 55D512DB2AA525AA00044A4E /* CurrentTowerLightsView.swift */; };
		55F64ADB2AAFD84A00A5CCE5 /* WidgetKit.framework in Frameworks */ = {isa = PBXBuildFile; fileRef = 55F64ADA2AAFD84A00A5CCE5 /* WidgetKit.framework */; };
		55F64ADD2AAFD84A00A5CCE5 /* SwiftUI.framework in Frameworks */ = {isa = PBXBuildFile; fileRef = 55F64ADC2AAFD84A00A5CCE5 /* SwiftUI.framework */; };
		55F64AE02AAFD84A00A5CCE5 /* EmpireStateTowerWidgetBundle.swift in Sources */ = {isa = PBXBuildFile; fileRef = 55F64ADF2AAFD84A00A5CCE5 /* EmpireStateTowerWidgetBundle.swift */; };
		55F64AE22AAFD84A00A5CCE5 /* EmpireStateTowerWidget.swift in Sources */ = {isa = PBXBuildFile; fileRef = 55F64AE12AAFD84A00A5CCE5 /* EmpireStateTowerWidget.swift */; };
		55F64AE52AAFD84C00A5CCE5 /* Assets.xcassets in Resources */ = {isa = PBXBuildFile; fileRef = 55F64AE42AAFD84C00A5CCE5 /* Assets.xcassets */; };
		55F64AEB2AAFD84C00A5CCE5 /* EmpireStateTowerWidgetExtension.appex in Embed Foundation Extensions */ = {isa = PBXBuildFile; fileRef = 55F64AD82AAFD84A00A5CCE5 /* EmpireStateTowerWidgetExtension.appex */; settings = {ATTRIBUTES = (RemoveHeadersOnCopy, ); }; };
		55F64AF42AB12DB900A5CCE5 /* ComposableArchitecture in Frameworks */ = {isa = PBXBuildFile; productRef = 55F64AF32AB12DB900A5CCE5 /* ComposableArchitecture */; };
		55F64AF92AB13A5F00A5CCE5 /* SwiftSoup in Frameworks */ = {isa = PBXBuildFile; productRef = 55F64AF82AB13A5F00A5CCE5 /* SwiftSoup */; };
/* End PBXBuildFile section */

/* Begin PBXContainerItemProxy section */
		55D512D62AA4C61200044A4E /* PBXContainerItemProxy */ = {
			isa = PBXContainerItemProxy;
			containerPortal = 5584EC1E2A9EB39A00781AD5 /* Project object */;
			proxyType = 1;
			remoteGlobalIDString = 5584EC252A9EB39A00781AD5;
			remoteInfo = EmpireStateTowerLights;
		};
		55F64AE92AAFD84C00A5CCE5 /* PBXContainerItemProxy */ = {
			isa = PBXContainerItemProxy;
			containerPortal = 5584EC1E2A9EB39A00781AD5 /* Project object */;
			proxyType = 1;
			remoteGlobalIDString = 55F64AD72AAFD84A00A5CCE5;
			remoteInfo = EmpireStateTowerWidgetExtension;
		};
/* End PBXContainerItemProxy section */

/* Begin PBXCopyFilesBuildPhase section */
		55F64AEC2AAFD84C00A5CCE5 /* Embed Foundation Extensions */ = {
			isa = PBXCopyFilesBuildPhase;
			buildActionMask = 2147483647;
			dstPath = "";
			dstSubfolderSpec = 13;
			files = (
				55F64AEB2AAFD84C00A5CCE5 /* EmpireStateTowerWidgetExtension.appex in Embed Foundation Extensions */,
			);
			name = "Embed Foundation Extensions";
			runOnlyForDeploymentPostprocessing = 0;
		};
/* End PBXCopyFilesBuildPhase section */

/* Begin PBXFileReference section */
		5508D6DE2AA8156E00E8F610 /* TabBarFeature.swift */ = {isa = PBXFileReference; lastKnownFileType = sourcecode.swift; path = TabBarFeature.swift; sourceTree = "<group>"; };
		550F60542AAC1A63000A8E3B /* EmpireStateTowerCurrentLightsTest.swift */ = {isa = PBXFileReference; lastKnownFileType = sourcecode.swift; path = EmpireStateTowerCurrentLightsTest.swift; sourceTree = "<group>"; };
		5584EC262A9EB39A00781AD5 /* EmpireStateTowerLights.app */ = {isa = PBXFileReference; explicitFileType = wrapper.application; includeInIndex = 0; path = EmpireStateTowerLights.app; sourceTree = BUILT_PRODUCTS_DIR; };
		5584EC292A9EB39A00781AD5 /* EmpireStateTowerLightsApp.swift */ = {isa = PBXFileReference; lastKnownFileType = sourcecode.swift; path = EmpireStateTowerLightsApp.swift; sourceTree = "<group>"; };
		5584EC2B2A9EB39A00781AD5 /* MonthlyTowerLightsView.swift */ = {isa = PBXFileReference; lastKnownFileType = sourcecode.swift; path = MonthlyTowerLightsView.swift; sourceTree = "<group>"; };
		5584EC2D2A9EB39B00781AD5 /* Assets.xcassets */ = {isa = PBXFileReference; lastKnownFileType = folder.assetcatalog; path = Assets.xcassets; sourceTree = "<group>"; };
		5584EC302A9EB39B00781AD5 /* Preview Assets.xcassets */ = {isa = PBXFileReference; lastKnownFileType = folder.assetcatalog; path = "Preview Assets.xcassets"; sourceTree = "<group>"; };
		55A01F802AB51D890064E7E3 /* NIghtBackgroundModifiers.swift */ = {isa = PBXFileReference; lastKnownFileType = sourcecode.swift; path = NIghtBackgroundModifiers.swift; sourceTree = "<group>"; };
		55A0F07A2AC625FE009D42DB /* EmpireModule */ = {isa = PBXFileReference; lastKnownFileType = wrapper; name = EmpireModule; path = EmpireStateTowerLights/EmpireModule; sourceTree = "<group>"; };
		55A0F07B2AC62BBF009D42DB /* Empire.json */ = {isa = PBXFileReference; fileEncoding = 4; lastKnownFileType = text.json; path = Empire.json; sourceTree = "<group>"; };
		55A0F07F2AC62CEA009D42DB /* LottieView.swift */ = {isa = PBXFileReference; lastKnownFileType = sourcecode.swift; path = LottieView.swift; sourceTree = "<group>"; };
		55C4F6F32AC51A9800677B48 /* SplashScreen.swift */ = {isa = PBXFileReference; lastKnownFileType = sourcecode.swift; path = SplashScreen.swift; sourceTree = "<group>"; };
		55D512C92A9FF86300044A4E /* MonthlyTowerClient.swift */ = {isa = PBXFileReference; lastKnownFileType = sourcecode.swift; path = MonthlyTowerClient.swift; sourceTree = "<group>"; };
		55D512D22AA4C61200044A4E /* EmpireStateTowerLightsTests.xctest */ = {isa = PBXFileReference; explicitFileType = wrapper.cfbundle; includeInIndex = 0; path = EmpireStateTowerLightsTests.xctest; sourceTree = BUILT_PRODUCTS_DIR; };
		55D512D42AA4C61200044A4E /* EmpireStateTEmpireStateTowerMonthLightsTestsowerLightsTests.swift */ = {isa = PBXFileReference; lastKnownFileType = sourcecode.swift; path = EmpireStateTEmpireStateTowerMonthLightsTestsowerLightsTests.swift; sourceTree = "<group>"; };
		55D512DB2AA525AA00044A4E /* CurrentTowerLightsView.swift */ = {isa = PBXFileReference; lastKnownFileType = sourcecode.swift; path = CurrentTowerLightsView.swift; sourceTree = "<group>"; };
		55F64AD82AAFD84A00A5CCE5 /* EmpireStateTowerWidgetExtension.appex */ = {isa = PBXFileReference; explicitFileType = "wrapper.app-extension"; includeInIndex = 0; path = EmpireStateTowerWidgetExtension.appex; sourceTree = BUILT_PRODUCTS_DIR; };
		55F64ADA2AAFD84A00A5CCE5 /* WidgetKit.framework */ = {isa = PBXFileReference; lastKnownFileType = wrapper.framework; name = WidgetKit.framework; path = System/Library/Frameworks/WidgetKit.framework; sourceTree = SDKROOT; };
		55F64ADC2AAFD84A00A5CCE5 /* SwiftUI.framework */ = {isa = PBXFileReference; lastKnownFileType = wrapper.framework; name = SwiftUI.framework; path = System/Library/Frameworks/SwiftUI.framework; sourceTree = SDKROOT; };
		55F64ADF2AAFD84A00A5CCE5 /* EmpireStateTowerWidgetBundle.swift */ = {isa = PBXFileReference; lastKnownFileType = sourcecode.swift; path = EmpireStateTowerWidgetBundle.swift; sourceTree = "<group>"; };
		55F64AE12AAFD84A00A5CCE5 /* EmpireStateTowerWidget.swift */ = {isa = PBXFileReference; lastKnownFileType = sourcecode.swift; path = EmpireStateTowerWidget.swift; sourceTree = "<group>"; };
		55F64AE42AAFD84C00A5CCE5 /* Assets.xcassets */ = {isa = PBXFileReference; lastKnownFileType = folder.assetcatalog; path = Assets.xcassets; sourceTree = "<group>"; };
		55F64AE62AAFD84C00A5CCE5 /* Info.plist */ = {isa = PBXFileReference; lastKnownFileType = text.plist.xml; path = Info.plist; sourceTree = "<group>"; };
/* End PBXFileReference section */

/* Begin PBXFrameworksBuildPhase section */
		5584EC232A9EB39A00781AD5 /* Frameworks */ = {
			isa = PBXFrameworksBuildPhase;
			buildActionMask = 2147483647;
			files = (
				558C70CB2AC6EB5400129614 /* Models in Frameworks */,
				5584EC392A9EC16E00781AD5 /* ComposableArchitecture in Frameworks */,
				55D512CD2A9FF8A600044A4E /* SwiftSoup in Frameworks */,
				558C70C92AC6EB5400129614 /* EmpireModule in Frameworks */,
				55A0F0822AC62D0D009D42DB /* Lottie in Frameworks */,
				558C70C72AC66B5900129614 /* CurrentTowerFeature in Frameworks */,
				558C70CD2AC6EB5400129614 /* Views in Frameworks */,
			);
			runOnlyForDeploymentPostprocessing = 0;
		};
		55D512CF2AA4C61200044A4E /* Frameworks */ = {
			isa = PBXFrameworksBuildPhase;
			buildActionMask = 2147483647;
			files = (
			);
			runOnlyForDeploymentPostprocessing = 0;
		};
		55F64AD52AAFD84A00A5CCE5 /* Frameworks */ = {
			isa = PBXFrameworksBuildPhase;
			buildActionMask = 2147483647;
			files = (
				558C70CF2AC6F28400129614 /* Models in Frameworks */,
				55F64ADD2AAFD84A00A5CCE5 /* SwiftUI.framework in Frameworks */,
				55F64AF92AB13A5F00A5CCE5 /* SwiftSoup in Frameworks */,
				55F64ADB2AAFD84A00A5CCE5 /* WidgetKit.framework in Frameworks */,
				55F64AF42AB12DB900A5CCE5 /* ComposableArchitecture in Frameworks */,
				558C70D12AC6F28800129614 /* CurrentTowerFeature in Frameworks */,
			);
			runOnlyForDeploymentPostprocessing = 0;
		};
/* End PBXFrameworksBuildPhase section */

/* Begin PBXGroup section */
		5508D6DD2AA8062900E8F610 /* Clients */ = {
			isa = PBXGroup;
			children = (
				55D512C92A9FF86300044A4E /* MonthlyTowerClient.swift */,
			);
			path = Clients;
			sourceTree = "<group>";
		};
		5584EC1D2A9EB39A00781AD5 = {
			isa = PBXGroup;
			children = (
				55A0F07A2AC625FE009D42DB /* EmpireModule */,
				5584EC282A9EB39A00781AD5 /* EmpireStateTowerLights */,
				55D512D32AA4C61200044A4E /* EmpireStateTowerLightsTests */,
				55F64ADE2AAFD84A00A5CCE5 /* EmpireStateTowerWidget */,
				55F64AD92AAFD84A00A5CCE5 /* Frameworks */,
				5584EC272A9EB39A00781AD5 /* Products */,
			);
			sourceTree = "<group>";
		};
		5584EC272A9EB39A00781AD5 /* Products */ = {
			isa = PBXGroup;
			children = (
				5584EC262A9EB39A00781AD5 /* EmpireStateTowerLights.app */,
				55D512D22AA4C61200044A4E /* EmpireStateTowerLightsTests.xctest */,
				55F64AD82AAFD84A00A5CCE5 /* EmpireStateTowerWidgetExtension.appex */,
			);
			name = Products;
			sourceTree = "<group>";
		};
		5584EC282A9EB39A00781AD5 /* EmpireStateTowerLights */ = {
			isa = PBXGroup;
			children = (
				5584EC292A9EB39A00781AD5 /* EmpireStateTowerLightsApp.swift */,
				5508D6DE2AA8156E00E8F610 /* TabBarFeature.swift */,
				55D512DB2AA525AA00044A4E /* CurrentTowerLightsView.swift */,
				5584EC2B2A9EB39A00781AD5 /* MonthlyTowerLightsView.swift */,
				55A0F07D2AC62BC5009D42DB /* SplashAnimation */,
				55A01F852AB520E00064E7E3 /* Modifiers */,
				55A01F842AB520CA0064E7E3 /* View */,
				5508D6DD2AA8062900E8F610 /* Clients */,
				5584EC2D2A9EB39B00781AD5 /* Assets.xcassets */,
				5584EC2F2A9EB39B00781AD5 /* Preview Content */,
			);
			path = EmpireStateTowerLights;
			sourceTree = "<group>";
		};
		5584EC2F2A9EB39B00781AD5 /* Preview Content */ = {
			isa = PBXGroup;
			children = (
				5584EC302A9EB39B00781AD5 /* Preview Assets.xcassets */,
			);
			path = "Preview Content";
			sourceTree = "<group>";
		};
		55A01F842AB520CA0064E7E3 /* View */ = {
			isa = PBXGroup;
			children = (
				55C4F6F32AC51A9800677B48 /* SplashScreen.swift */,
			);
			path = View;
			sourceTree = "<group>";
		};
		55A01F852AB520E00064E7E3 /* Modifiers */ = {
			isa = PBXGroup;
			children = (
				55A01F802AB51D890064E7E3 /* NIghtBackgroundModifiers.swift */,
			);
			path = Modifiers;
			sourceTree = "<group>";
		};
		55A0F07D2AC62BC5009D42DB /* SplashAnimation */ = {
			isa = PBXGroup;
			children = (
				55A0F07B2AC62BBF009D42DB /* Empire.json */,
				55A0F07F2AC62CEA009D42DB /* LottieView.swift */,
			);
			name = SplashAnimation;
			path = Modifiers;
			sourceTree = "<group>";
		};
		55D512D32AA4C61200044A4E /* EmpireStateTowerLightsTests */ = {
			isa = PBXGroup;
			children = (
				55D512D42AA4C61200044A4E /* EmpireStateTEmpireStateTowerMonthLightsTestsowerLightsTests.swift */,
				550F60542AAC1A63000A8E3B /* EmpireStateTowerCurrentLightsTest.swift */,
			);
			path = EmpireStateTowerLightsTests;
			sourceTree = "<group>";
		};
		55F64AD92AAFD84A00A5CCE5 /* Frameworks */ = {
			isa = PBXGroup;
			children = (
				55F64ADA2AAFD84A00A5CCE5 /* WidgetKit.framework */,
				55F64ADC2AAFD84A00A5CCE5 /* SwiftUI.framework */,
			);
			name = Frameworks;
			sourceTree = "<group>";
		};
		55F64ADE2AAFD84A00A5CCE5 /* EmpireStateTowerWidget */ = {
			isa = PBXGroup;
			children = (
				55F64ADF2AAFD84A00A5CCE5 /* EmpireStateTowerWidgetBundle.swift */,
				55F64AE12AAFD84A00A5CCE5 /* EmpireStateTowerWidget.swift */,
				55F64AE42AAFD84C00A5CCE5 /* Assets.xcassets */,
				55F64AE62AAFD84C00A5CCE5 /* Info.plist */,
			);
			path = EmpireStateTowerWidget;
			sourceTree = "<group>";
		};
/* End PBXGroup section */

/* Begin PBXNativeTarget section */
		5584EC252A9EB39A00781AD5 /* EmpireStateTowerLights */ = {
			isa = PBXNativeTarget;
			buildConfigurationList = 5584EC342A9EB39B00781AD5 /* Build configuration list for PBXNativeTarget "EmpireStateTowerLights" */;
			buildPhases = (
				5584EC222A9EB39A00781AD5 /* Sources */,
				5584EC232A9EB39A00781AD5 /* Frameworks */,
				5584EC242A9EB39A00781AD5 /* Resources */,
				55F64AEC2AAFD84C00A5CCE5 /* Embed Foundation Extensions */,
			);
			buildRules = (
			);
			dependencies = (
				55F64AEA2AAFD84C00A5CCE5 /* PBXTargetDependency */,
			);
			name = EmpireStateTowerLights;
			packageProductDependencies = (
				5584EC382A9EC16E00781AD5 /* ComposableArchitecture */,
				55D512CC2A9FF8A600044A4E /* SwiftSoup */,
				55A0F0812AC62D0D009D42DB /* Lottie */,
				558C70C62AC66B5900129614 /* CurrentTowerFeature */,
				558C70C82AC6EB5400129614 /* EmpireModule */,
				558C70CA2AC6EB5400129614 /* Models */,
				558C70CC2AC6EB5400129614 /* Views */,
			);
			productName = EmpireStateTowerLights;
			productReference = 5584EC262A9EB39A00781AD5 /* EmpireStateTowerLights.app */;
			productType = "com.apple.product-type.application";
		};
		55D512D12AA4C61200044A4E /* EmpireStateTowerLightsTests */ = {
			isa = PBXNativeTarget;
			buildConfigurationList = 55D512D82AA4C61200044A4E /* Build configuration list for PBXNativeTarget "EmpireStateTowerLightsTests" */;
			buildPhases = (
				55D512CE2AA4C61200044A4E /* Sources */,
				55D512CF2AA4C61200044A4E /* Frameworks */,
				55D512D02AA4C61200044A4E /* Resources */,
			);
			buildRules = (
			);
			dependencies = (
				55D512D72AA4C61200044A4E /* PBXTargetDependency */,
			);
			name = EmpireStateTowerLightsTests;
			productName = EmpireStateTowerLightsTests;
			productReference = 55D512D22AA4C61200044A4E /* EmpireStateTowerLightsTests.xctest */;
			productType = "com.apple.product-type.bundle.unit-test";
		};
		55F64AD72AAFD84A00A5CCE5 /* EmpireStateTowerWidgetExtension */ = {
			isa = PBXNativeTarget;
			buildConfigurationList = 55F64AEF2AAFD84C00A5CCE5 /* Build configuration list for PBXNativeTarget "EmpireStateTowerWidgetExtension" */;
			buildPhases = (
				55F64AD42AAFD84A00A5CCE5 /* Sources */,
				55F64AD52AAFD84A00A5CCE5 /* Frameworks */,
				55F64AD62AAFD84A00A5CCE5 /* Resources */,
			);
			buildRules = (
			);
			dependencies = (
			);
			name = EmpireStateTowerWidgetExtension;
			packageProductDependencies = (
				55F64AF32AB12DB900A5CCE5 /* ComposableArchitecture */,
				55F64AF82AB13A5F00A5CCE5 /* SwiftSoup */,
				558C70CE2AC6F28400129614 /* Models */,
				558C70D02AC6F28800129614 /* CurrentTowerFeature */,
			);
			productName = EmpireStateTowerWidgetExtension;
			productReference = 55F64AD82AAFD84A00A5CCE5 /* EmpireStateTowerWidgetExtension.appex */;
			productType = "com.apple.product-type.app-extension";
		};
/* End PBXNativeTarget section */

/* Begin PBXProject section */
		5584EC1E2A9EB39A00781AD5 /* Project object */ = {
			isa = PBXProject;
			attributes = {
				BuildIndependentTargetsInParallel = 1;
				LastSwiftUpdateCheck = 1430;
				LastUpgradeCheck = 1430;
				TargetAttributes = {
					5584EC252A9EB39A00781AD5 = {
						CreatedOnToolsVersion = 14.3.1;
					};
					55D512D12AA4C61200044A4E = {
						CreatedOnToolsVersion = 14.3.1;
						TestTargetID = 5584EC252A9EB39A00781AD5;
					};
					55F64AD72AAFD84A00A5CCE5 = {
						CreatedOnToolsVersion = 14.3.1;
					};
				};
			};
			buildConfigurationList = 5584EC212A9EB39A00781AD5 /* Build configuration list for PBXProject "EmpireStateTowerLights" */;
			compatibilityVersion = "Xcode 14.0";
			developmentRegion = en;
			hasScannedForEncodings = 0;
			knownRegions = (
				en,
				Base,
			);
			mainGroup = 5584EC1D2A9EB39A00781AD5;
			packageReferences = (
				5584EC372A9EC16E00781AD5 /* XCRemoteSwiftPackageReference "swift-composable-architecture" */,
				55D512CB2A9FF8A600044A4E /* XCRemoteSwiftPackageReference "SwiftSoup" */,
				55A0F07E2AC62C82009D42DB /* XCRemoteSwiftPackageReference "lottie-ios" */,
			);
			productRefGroup = 5584EC272A9EB39A00781AD5 /* Products */;
			projectDirPath = "";
			projectRoot = "";
			targets = (
				5584EC252A9EB39A00781AD5 /* EmpireStateTowerLights */,
				55D512D12AA4C61200044A4E /* EmpireStateTowerLightsTests */,
				55F64AD72AAFD84A00A5CCE5 /* EmpireStateTowerWidgetExtension */,
			);
		};
/* End PBXProject section */

/* Begin PBXResourcesBuildPhase section */
		5584EC242A9EB39A00781AD5 /* Resources */ = {
			isa = PBXResourcesBuildPhase;
			buildActionMask = 2147483647;
			files = (
				55A0F07C2AC62BBF009D42DB /* Empire.json in Resources */,
				5584EC312A9EB39B00781AD5 /* Preview Assets.xcassets in Resources */,
				5584EC2E2A9EB39B00781AD5 /* Assets.xcassets in Resources */,
			);
			runOnlyForDeploymentPostprocessing = 0;
		};
		55D512D02AA4C61200044A4E /* Resources */ = {
			isa = PBXResourcesBuildPhase;
			buildActionMask = 2147483647;
			files = (
			);
			runOnlyForDeploymentPostprocessing = 0;
		};
		55F64AD62AAFD84A00A5CCE5 /* Resources */ = {
			isa = PBXResourcesBuildPhase;
			buildActionMask = 2147483647;
			files = (
				55F64AE52AAFD84C00A5CCE5 /* Assets.xcassets in Resources */,
			);
			runOnlyForDeploymentPostprocessing = 0;
		};
/* End PBXResourcesBuildPhase section */

/* Begin PBXSourcesBuildPhase section */
		5584EC222A9EB39A00781AD5 /* Sources */ = {
			isa = PBXSourcesBuildPhase;
			buildActionMask = 2147483647;
			files = (
				55D512CA2A9FF86300044A4E /* MonthlyTowerClient.swift in Sources */,
				5508D6DF2AA8156E00E8F610 /* TabBarFeature.swift in Sources */,
				5584EC2C2A9EB39A00781AD5 /* MonthlyTowerLightsView.swift in Sources */,
				5584EC2A2A9EB39A00781AD5 /* EmpireStateTowerLightsApp.swift in Sources */,
				55C4F6F42AC51A9800677B48 /* SplashScreen.swift in Sources */,
				55A01F812AB51D890064E7E3 /* NIghtBackgroundModifiers.swift in Sources */,
				55D512DC2AA525AA00044A4E /* CurrentTowerLightsView.swift in Sources */,
				55A0F0802AC62CEA009D42DB /* LottieView.swift in Sources */,
			);
			runOnlyForDeploymentPostprocessing = 0;
		};
		55D512CE2AA4C61200044A4E /* Sources */ = {
			isa = PBXSourcesBuildPhase;
			buildActionMask = 2147483647;
			files = (
				550F60552AAC1A63000A8E3B /* EmpireStateTowerCurrentLightsTest.swift in Sources */,
				55D512D52AA4C61200044A4E /* EmpireStateTEmpireStateTowerMonthLightsTestsowerLightsTests.swift in Sources */,
			);
			runOnlyForDeploymentPostprocessing = 0;
		};
		55F64AD42AAFD84A00A5CCE5 /* Sources */ = {
			isa = PBXSourcesBuildPhase;
			buildActionMask = 2147483647;
			files = (
				55F64AE02AAFD84A00A5CCE5 /* EmpireStateTowerWidgetBundle.swift in Sources */,
				55F64AE22AAFD84A00A5CCE5 /* EmpireStateTowerWidget.swift in Sources */,
			);
			runOnlyForDeploymentPostprocessing = 0;
		};
/* End PBXSourcesBuildPhase section */

/* Begin PBXTargetDependency section */
		55D512D72AA4C61200044A4E /* PBXTargetDependency */ = {
			isa = PBXTargetDependency;
			target = 5584EC252A9EB39A00781AD5 /* EmpireStateTowerLights */;
			targetProxy = 55D512D62AA4C61200044A4E /* PBXContainerItemProxy */;
		};
		55F64AEA2AAFD84C00A5CCE5 /* PBXTargetDependency */ = {
			isa = PBXTargetDependency;
			target = 55F64AD72AAFD84A00A5CCE5 /* EmpireStateTowerWidgetExtension */;
			targetProxy = 55F64AE92AAFD84C00A5CCE5 /* PBXContainerItemProxy */;
		};
/* End PBXTargetDependency section */

/* Begin XCBuildConfiguration section */
		5584EC322A9EB39B00781AD5 /* Debug */ = {
			isa = XCBuildConfiguration;
			buildSettings = {
				ALWAYS_SEARCH_USER_PATHS = NO;
				CLANG_ANALYZER_NONNULL = YES;
				CLANG_ANALYZER_NUMBER_OBJECT_CONVERSION = YES_AGGRESSIVE;
				CLANG_CXX_LANGUAGE_STANDARD = "gnu++20";
				CLANG_ENABLE_MODULES = YES;
				CLANG_ENABLE_OBJC_ARC = YES;
				CLANG_ENABLE_OBJC_WEAK = YES;
				CLANG_WARN_BLOCK_CAPTURE_AUTORELEASING = YES;
				CLANG_WARN_BOOL_CONVERSION = YES;
				CLANG_WARN_COMMA = YES;
				CLANG_WARN_CONSTANT_CONVERSION = YES;
				CLANG_WARN_DEPRECATED_OBJC_IMPLEMENTATIONS = YES;
				CLANG_WARN_DIRECT_OBJC_ISA_USAGE = YES_ERROR;
				CLANG_WARN_DOCUMENTATION_COMMENTS = YES;
				CLANG_WARN_EMPTY_BODY = YES;
				CLANG_WARN_ENUM_CONVERSION = YES;
				CLANG_WARN_INFINITE_RECURSION = YES;
				CLANG_WARN_INT_CONVERSION = YES;
				CLANG_WARN_NON_LITERAL_NULL_CONVERSION = YES;
				CLANG_WARN_OBJC_IMPLICIT_RETAIN_SELF = YES;
				CLANG_WARN_OBJC_LITERAL_CONVERSION = YES;
				CLANG_WARN_OBJC_ROOT_CLASS = YES_ERROR;
				CLANG_WARN_QUOTED_INCLUDE_IN_FRAMEWORK_HEADER = YES;
				CLANG_WARN_RANGE_LOOP_ANALYSIS = YES;
				CLANG_WARN_STRICT_PROTOTYPES = YES;
				CLANG_WARN_SUSPICIOUS_MOVE = YES;
				CLANG_WARN_UNGUARDED_AVAILABILITY = YES_AGGRESSIVE;
				CLANG_WARN_UNREACHABLE_CODE = YES;
				CLANG_WARN__DUPLICATE_METHOD_MATCH = YES;
				COPY_PHASE_STRIP = NO;
				DEBUG_INFORMATION_FORMAT = dwarf;
				ENABLE_STRICT_OBJC_MSGSEND = YES;
				ENABLE_TESTABILITY = YES;
				GCC_C_LANGUAGE_STANDARD = gnu11;
				GCC_DYNAMIC_NO_PIC = NO;
				GCC_NO_COMMON_BLOCKS = YES;
				GCC_OPTIMIZATION_LEVEL = 0;
				GCC_PREPROCESSOR_DEFINITIONS = (
					"DEBUG=1",
					"$(inherited)",
				);
				GCC_WARN_64_TO_32_BIT_CONVERSION = YES;
				GCC_WARN_ABOUT_RETURN_TYPE = YES_ERROR;
				GCC_WARN_UNDECLARED_SELECTOR = YES;
				GCC_WARN_UNINITIALIZED_AUTOS = YES_AGGRESSIVE;
				GCC_WARN_UNUSED_FUNCTION = YES;
				GCC_WARN_UNUSED_VARIABLE = YES;
				IPHONEOS_DEPLOYMENT_TARGET = 16.4;
				MTL_ENABLE_DEBUG_INFO = INCLUDE_SOURCE;
				MTL_FAST_MATH = YES;
				ONLY_ACTIVE_ARCH = YES;
				SDKROOT = iphoneos;
				SWIFT_ACTIVE_COMPILATION_CONDITIONS = DEBUG;
				SWIFT_OPTIMIZATION_LEVEL = "-Onone";
			};
			name = Debug;
		};
		5584EC332A9EB39B00781AD5 /* Release */ = {
			isa = XCBuildConfiguration;
			buildSettings = {
				ALWAYS_SEARCH_USER_PATHS = NO;
				CLANG_ANALYZER_NONNULL = YES;
				CLANG_ANALYZER_NUMBER_OBJECT_CONVERSION = YES_AGGRESSIVE;
				CLANG_CXX_LANGUAGE_STANDARD = "gnu++20";
				CLANG_ENABLE_MODULES = YES;
				CLANG_ENABLE_OBJC_ARC = YES;
				CLANG_ENABLE_OBJC_WEAK = YES;
				CLANG_WARN_BLOCK_CAPTURE_AUTORELEASING = YES;
				CLANG_WARN_BOOL_CONVERSION = YES;
				CLANG_WARN_COMMA = YES;
				CLANG_WARN_CONSTANT_CONVERSION = YES;
				CLANG_WARN_DEPRECATED_OBJC_IMPLEMENTATIONS = YES;
				CLANG_WARN_DIRECT_OBJC_ISA_USAGE = YES_ERROR;
				CLANG_WARN_DOCUMENTATION_COMMENTS = YES;
				CLANG_WARN_EMPTY_BODY = YES;
				CLANG_WARN_ENUM_CONVERSION = YES;
				CLANG_WARN_INFINITE_RECURSION = YES;
				CLANG_WARN_INT_CONVERSION = YES;
				CLANG_WARN_NON_LITERAL_NULL_CONVERSION = YES;
				CLANG_WARN_OBJC_IMPLICIT_RETAIN_SELF = YES;
				CLANG_WARN_OBJC_LITERAL_CONVERSION = YES;
				CLANG_WARN_OBJC_ROOT_CLASS = YES_ERROR;
				CLANG_WARN_QUOTED_INCLUDE_IN_FRAMEWORK_HEADER = YES;
				CLANG_WARN_RANGE_LOOP_ANALYSIS = YES;
				CLANG_WARN_STRICT_PROTOTYPES = YES;
				CLANG_WARN_SUSPICIOUS_MOVE = YES;
				CLANG_WARN_UNGUARDED_AVAILABILITY = YES_AGGRESSIVE;
				CLANG_WARN_UNREACHABLE_CODE = YES;
				CLANG_WARN__DUPLICATE_METHOD_MATCH = YES;
				COPY_PHASE_STRIP = NO;
				DEBUG_INFORMATION_FORMAT = "dwarf-with-dsym";
				ENABLE_NS_ASSERTIONS = NO;
				ENABLE_STRICT_OBJC_MSGSEND = YES;
				GCC_C_LANGUAGE_STANDARD = gnu11;
				GCC_NO_COMMON_BLOCKS = YES;
				GCC_WARN_64_TO_32_BIT_CONVERSION = YES;
				GCC_WARN_ABOUT_RETURN_TYPE = YES_ERROR;
				GCC_WARN_UNDECLARED_SELECTOR = YES;
				GCC_WARN_UNINITIALIZED_AUTOS = YES_AGGRESSIVE;
				GCC_WARN_UNUSED_FUNCTION = YES;
				GCC_WARN_UNUSED_VARIABLE = YES;
				IPHONEOS_DEPLOYMENT_TARGET = 16.4;
				MTL_ENABLE_DEBUG_INFO = NO;
				MTL_FAST_MATH = YES;
				SDKROOT = iphoneos;
				SWIFT_COMPILATION_MODE = wholemodule;
				SWIFT_OPTIMIZATION_LEVEL = "-O";
				VALIDATE_PRODUCT = YES;
			};
			name = Release;
		};
		5584EC352A9EB39B00781AD5 /* Debug */ = {
			isa = XCBuildConfiguration;
			buildSettings = {
				ALWAYS_EMBED_SWIFT_STANDARD_LIBRARIES = YES;
				ASSETCATALOG_COMPILER_APPICON_NAME = AppIcon;
				ASSETCATALOG_COMPILER_GLOBAL_ACCENT_COLOR_NAME = AccentColor;
				CODE_SIGN_STYLE = Automatic;
				CURRENT_PROJECT_VERSION = 1;
				DEVELOPMENT_ASSET_PATHS = "\"EmpireStateTowerLights/Preview Content\"";
				DEVELOPMENT_TEAM = 6JBM5ZNF6C;
				ENABLE_PREVIEWS = YES;
				GENERATE_INFOPLIST_FILE = YES;
				INFOPLIST_KEY_CFBundleDisplayName = "Empire Tower Lights";
				INFOPLIST_KEY_LSApplicationCategoryType = "public.app-category.travel";
				INFOPLIST_KEY_UIApplicationSceneManifest_Generation = YES;
				INFOPLIST_KEY_UIApplicationSupportsIndirectInputEvents = YES;
				INFOPLIST_KEY_UILaunchScreen_Generation = YES;
				INFOPLIST_KEY_UIStatusBarStyle = "";
				INFOPLIST_KEY_UISupportedInterfaceOrientations = UIInterfaceOrientationPortrait;
				INFOPLIST_KEY_UISupportedInterfaceOrientations_iPad = "UIInterfaceOrientationLandscapeLeft UIInterfaceOrientationLandscapeRight UIInterfaceOrientationPortrait UIInterfaceOrientationPortraitUpsideDown";
				LD_RUNPATH_SEARCH_PATHS = (
					"$(inherited)",
					"@executable_path/Frameworks",
				);
				MARKETING_VERSION = 1.0;
				PRODUCT_BUNDLE_IDENTIFIER = com.Swifttom.EmpireStateTowerLights;
				PRODUCT_NAME = "$(TARGET_NAME)";
				SWIFT_EMIT_LOC_STRINGS = YES;
				SWIFT_VERSION = 5.0;
				TARGETED_DEVICE_FAMILY = "1,2";
			};
			name = Debug;
		};
		5584EC362A9EB39B00781AD5 /* Release */ = {
			isa = XCBuildConfiguration;
			buildSettings = {
				ALWAYS_EMBED_SWIFT_STANDARD_LIBRARIES = YES;
				ASSETCATALOG_COMPILER_APPICON_NAME = AppIcon;
				ASSETCATALOG_COMPILER_GLOBAL_ACCENT_COLOR_NAME = AccentColor;
				CODE_SIGN_STYLE = Automatic;
				CURRENT_PROJECT_VERSION = 1;
				DEVELOPMENT_ASSET_PATHS = "\"EmpireStateTowerLights/Preview Content\"";
				DEVELOPMENT_TEAM = 6JBM5ZNF6C;
				ENABLE_PREVIEWS = YES;
				GENERATE_INFOPLIST_FILE = YES;
				INFOPLIST_KEY_CFBundleDisplayName = "Empire Tower Lights";
				INFOPLIST_KEY_LSApplicationCategoryType = "public.app-category.travel";
				INFOPLIST_KEY_UIApplicationSceneManifest_Generation = YES;
				INFOPLIST_KEY_UIApplicationSupportsIndirectInputEvents = YES;
				INFOPLIST_KEY_UILaunchScreen_Generation = YES;
				INFOPLIST_KEY_UIStatusBarStyle = "";
				INFOPLIST_KEY_UISupportedInterfaceOrientations = UIInterfaceOrientationPortrait;
				INFOPLIST_KEY_UISupportedInterfaceOrientations_iPad = "UIInterfaceOrientationLandscapeLeft UIInterfaceOrientationLandscapeRight UIInterfaceOrientationPortrait UIInterfaceOrientationPortraitUpsideDown";
				LD_RUNPATH_SEARCH_PATHS = (
					"$(inherited)",
					"@executable_path/Frameworks",
				);
				MARKETING_VERSION = 1.0;
				PRODUCT_BUNDLE_IDENTIFIER = com.Swifttom.EmpireStateTowerLights;
				PRODUCT_NAME = "$(TARGET_NAME)";
				SWIFT_EMIT_LOC_STRINGS = YES;
				SWIFT_VERSION = 5.0;
				TARGETED_DEVICE_FAMILY = "1,2";
			};
			name = Release;
		};
		55D512D92AA4C61200044A4E /* Debug */ = {
			isa = XCBuildConfiguration;
			buildSettings = {
				BUNDLE_LOADER = "$(TEST_HOST)";
				CODE_SIGN_STYLE = Automatic;
				CURRENT_PROJECT_VERSION = 1;
				DEVELOPMENT_TEAM = 6JBM5ZNF6C;
				GENERATE_INFOPLIST_FILE = YES;
				MARKETING_VERSION = 1.0;
				PRODUCT_BUNDLE_IDENTIFIER = com.Swifttom.EmpireStateTowerLightsTests;
				PRODUCT_NAME = "$(TARGET_NAME)";
				SWIFT_EMIT_LOC_STRINGS = NO;
				SWIFT_VERSION = 5.0;
				TARGETED_DEVICE_FAMILY = "1,2";
				TEST_HOST = "$(BUILT_PRODUCTS_DIR)/EmpireStateTowerLights.app/$(BUNDLE_EXECUTABLE_FOLDER_PATH)/EmpireStateTowerLights";
			};
			name = Debug;
		};
		55D512DA2AA4C61200044A4E /* Release */ = {
			isa = XCBuildConfiguration;
			buildSettings = {
				BUNDLE_LOADER = "$(TEST_HOST)";
				CODE_SIGN_STYLE = Automatic;
				CURRENT_PROJECT_VERSION = 1;
				DEVELOPMENT_TEAM = 6JBM5ZNF6C;
				GENERATE_INFOPLIST_FILE = YES;
				MARKETING_VERSION = 1.0;
				PRODUCT_BUNDLE_IDENTIFIER = com.Swifttom.EmpireStateTowerLightsTests;
				PRODUCT_NAME = "$(TARGET_NAME)";
				SWIFT_EMIT_LOC_STRINGS = NO;
				SWIFT_VERSION = 5.0;
				TARGETED_DEVICE_FAMILY = "1,2";
				TEST_HOST = "$(BUILT_PRODUCTS_DIR)/EmpireStateTowerLights.app/$(BUNDLE_EXECUTABLE_FOLDER_PATH)/EmpireStateTowerLights";
			};
			name = Release;
		};
		55F64AED2AAFD84C00A5CCE5 /* Debug */ = {
			isa = XCBuildConfiguration;
			buildSettings = {
				ASSETCATALOG_COMPILER_GLOBAL_ACCENT_COLOR_NAME = AccentColor;
				ASSETCATALOG_COMPILER_WIDGET_BACKGROUND_COLOR_NAME = WidgetBackground;
				CODE_SIGN_STYLE = Automatic;
				CURRENT_PROJECT_VERSION = 1;
				DEVELOPMENT_TEAM = 6JBM5ZNF6C;
				GENERATE_INFOPLIST_FILE = YES;
				INFOPLIST_FILE = EmpireStateTowerWidget/Info.plist;
				INFOPLIST_KEY_CFBundleDisplayName = EmpireStateTowerWidget;
				INFOPLIST_KEY_NSHumanReadableCopyright = "";
				LD_RUNPATH_SEARCH_PATHS = (
					"$(inherited)",
					"@executable_path/Frameworks",
					"@executable_path/../../Frameworks",
				);
				MARKETING_VERSION = 1.0;
				PRODUCT_BUNDLE_IDENTIFIER = com.Swifttom.EmpireStateTowerLights.EmpireStateTowerWidget;
				PRODUCT_NAME = "$(TARGET_NAME)";
				SKIP_INSTALL = YES;
				SWIFT_EMIT_LOC_STRINGS = YES;
				SWIFT_VERSION = 5.0;
				TARGETED_DEVICE_FAMILY = 1;
			};
			name = Debug;
		};
		55F64AEE2AAFD84C00A5CCE5 /* Release */ = {
			isa = XCBuildConfiguration;
			buildSettings = {
				ASSETCATALOG_COMPILER_GLOBAL_ACCENT_COLOR_NAME = AccentColor;
				ASSETCATALOG_COMPILER_WIDGET_BACKGROUND_COLOR_NAME = WidgetBackground;
				CODE_SIGN_STYLE = Automatic;
				CURRENT_PROJECT_VERSION = 1;
				DEVELOPMENT_TEAM = 6JBM5ZNF6C;
				GENERATE_INFOPLIST_FILE = YES;
				INFOPLIST_FILE = EmpireStateTowerWidget/Info.plist;
				INFOPLIST_KEY_CFBundleDisplayName = EmpireStateTowerWidget;
				INFOPLIST_KEY_NSHumanReadableCopyright = "";
				LD_RUNPATH_SEARCH_PATHS = (
					"$(inherited)",
					"@executable_path/Frameworks",
					"@executable_path/../../Frameworks",
				);
				MARKETING_VERSION = 1.0;
				PRODUCT_BUNDLE_IDENTIFIER = com.Swifttom.EmpireStateTowerLights.EmpireStateTowerWidget;
				PRODUCT_NAME = "$(TARGET_NAME)";
				SKIP_INSTALL = YES;
				SWIFT_EMIT_LOC_STRINGS = YES;
				SWIFT_VERSION = 5.0;
				TARGETED_DEVICE_FAMILY = 1;
			};
			name = Release;
		};
/* End XCBuildConfiguration section */

/* Begin XCConfigurationList section */
		5584EC212A9EB39A00781AD5 /* Build configuration list for PBXProject "EmpireStateTowerLights" */ = {
			isa = XCConfigurationList;
			buildConfigurations = (
				5584EC322A9EB39B00781AD5 /* Debug */,
				5584EC332A9EB39B00781AD5 /* Release */,
			);
			defaultConfigurationIsVisible = 0;
			defaultConfigurationName = Release;
		};
		5584EC342A9EB39B00781AD5 /* Build configuration list for PBXNativeTarget "EmpireStateTowerLights" */ = {
			isa = XCConfigurationList;
			buildConfigurations = (
				5584EC352A9EB39B00781AD5 /* Debug */,
				5584EC362A9EB39B00781AD5 /* Release */,
			);
			defaultConfigurationIsVisible = 0;
			defaultConfigurationName = Release;
		};
		55D512D82AA4C61200044A4E /* Build configuration list for PBXNativeTarget "EmpireStateTowerLightsTests" */ = {
			isa = XCConfigurationList;
			buildConfigurations = (
				55D512D92AA4C61200044A4E /* Debug */,
				55D512DA2AA4C61200044A4E /* Release */,
			);
			defaultConfigurationIsVisible = 0;
			defaultConfigurationName = Release;
		};
		55F64AEF2AAFD84C00A5CCE5 /* Build configuration list for PBXNativeTarget "EmpireStateTowerWidgetExtension" */ = {
			isa = XCConfigurationList;
			buildConfigurations = (
				55F64AED2AAFD84C00A5CCE5 /* Debug */,
				55F64AEE2AAFD84C00A5CCE5 /* Release */,
			);
			defaultConfigurationIsVisible = 0;
			defaultConfigurationName = Release;
		};
/* End XCConfigurationList section */

/* Begin XCRemoteSwiftPackageReference section */
		5584EC372A9EC16E00781AD5 /* XCRemoteSwiftPackageReference "swift-composable-architecture" */ = {
			isa = XCRemoteSwiftPackageReference;
			repositoryURL = "https://github.com/pointfreeco/swift-composable-architecture.git";
			requirement = {
				kind = upToNextMajorVersion;
				minimumVersion = 1.0.0;
			};
		};
		55A0F07E2AC62C82009D42DB /* XCRemoteSwiftPackageReference "lottie-ios" */ = {
			isa = XCRemoteSwiftPackageReference;
			repositoryURL = "https://github.com/airbnb/lottie-ios.git";
			requirement = {
				kind = upToNextMajorVersion;
				minimumVersion = 4.3.2;
			};
		};
		55D512CB2A9FF8A600044A4E /* XCRemoteSwiftPackageReference "SwiftSoup" */ = {
			isa = XCRemoteSwiftPackageReference;
			repositoryURL = "https://github.com/scinfu/SwiftSoup.git";
			requirement = {
				kind = upToNextMajorVersion;
				minimumVersion = 2.0.0;
			};
		};
/* End XCRemoteSwiftPackageReference section */

/* Begin XCSwiftPackageProductDependency section */
		5584EC382A9EC16E00781AD5 /* ComposableArchitecture */ = {
			isa = XCSwiftPackageProductDependency;
			package = 5584EC372A9EC16E00781AD5 /* XCRemoteSwiftPackageReference "swift-composable-architecture" */;
			productName = ComposableArchitecture;
		};
		558C70C62AC66B5900129614 /* CurrentTowerFeature */ = {
			isa = XCSwiftPackageProductDependency;
			productName = CurrentTowerFeature;
		};
		558C70C82AC6EB5400129614 /* EmpireModule */ = {
			isa = XCSwiftPackageProductDependency;
			productName = EmpireModule;
		};
		558C70CA2AC6EB5400129614 /* Models */ = {
			isa = XCSwiftPackageProductDependency;
			productName = Models;
		};
		558C70CC2AC6EB5400129614 /* Views */ = {
			isa = XCSwiftPackageProductDependency;
			productName = Views;
		};
		558C70CE2AC6F28400129614 /* Models */ = {
			isa = XCSwiftPackageProductDependency;
			productName = Models;
		};
		558C70D02AC6F28800129614 /* CurrentTowerFeature */ = {
			isa = XCSwiftPackageProductDependency;
			productName = CurrentTowerFeature;
		};
		55A0F0812AC62D0D009D42DB /* Lottie */ = {
			isa = XCSwiftPackageProductDependency;
			package = 55A0F07E2AC62C82009D42DB /* XCRemoteSwiftPackageReference "lottie-ios" */;
			productName = Lottie;
		};
		55D512CC2A9FF8A600044A4E /* SwiftSoup */ = {
			isa = XCSwiftPackageProductDependency;
			package = 55D512CB2A9FF8A600044A4E /* XCRemoteSwiftPackageReference "SwiftSoup" */;
			productName = SwiftSoup;
		};
		55F64AF32AB12DB900A5CCE5 /* ComposableArchitecture */ = {
			isa = XCSwiftPackageProductDependency;
			package = 5584EC372A9EC16E00781AD5 /* XCRemoteSwiftPackageReference "swift-composable-architecture" */;
			productName = ComposableArchitecture;
		};
		55F64AF82AB13A5F00A5CCE5 /* SwiftSoup */ = {
			isa = XCSwiftPackageProductDependency;
			package = 55D512CB2A9FF8A600044A4E /* XCRemoteSwiftPackageReference "SwiftSoup" */;
			productName = SwiftSoup;
		};
/* End XCSwiftPackageProductDependency section */
	};
	rootObject = 5584EC1E2A9EB39A00781AD5 /* Project object */;
}
